// !$*UTF8*$!
{
	archiveVersion = 1;
	classes = {
	};
	objectVersion = 46;
	objects = {

/* Begin PBXBuildFile section */
		F5DF7BAC1B2208B200071467 /* AppDelegate.swift in Sources */ = {isa = PBXBuildFile; fileRef = F5DF7BAB1B2208B200071467 /* AppDelegate.swift */; };
		F5DF7BAE1B2208B200071467 /* ViewController.swift in Sources */ = {isa = PBXBuildFile; fileRef = F5DF7BAD1B2208B200071467 /* ViewController.swift */; };
		F5DF7BB11B2208B200071467 /* Main.storyboard in Resources */ = {isa = PBXBuildFile; fileRef = F5DF7BAF1B2208B200071467 /* Main.storyboard */; };
		F5DF7BB31B2208B200071467 /* Images.xcassets in Resources */ = {isa = PBXBuildFile; fileRef = F5DF7BB21B2208B200071467 /* Images.xcassets */; };
		F5DF7BB61B2208B200071467 /* LaunchScreen.xib in Resources */ = {isa = PBXBuildFile; fileRef = F5DF7BB41B2208B200071467 /* LaunchScreen.xib */; };
		F5DF7BC21B2208B200071467 /* Times_TablesTests.swift in Sources */ = {isa = PBXBuildFile; fileRef = F5DF7BC11B2208B200071467 /* Times_TablesTests.swift */; };
/* End PBXBuildFile section */

/* Begin PBXContainerItemProxy section */
		F5DF7BBC1B2208B200071467 /* PBXContainerItemProxy */ = {
			isa = PBXContainerItemProxy;
			containerPortal = F5DF7B9E1B2208B200071467 /* Project object */;
			proxyType = 1;
			remoteGlobalIDString = F5DF7BA51B2208B200071467;
			remoteInfo = Times_Tables;
		};
/* End PBXContainerItemProxy section */

/* Begin PBXFileReference section */
		F5DF7BA61B2208B200071467 /* Times_Tables.app */ = {isa = PBXFileReference; explicitFileType = wrapper.application; includeInIndex = 0; path = Times_Tables.app; sourceTree = BUILT_PRODUCTS_DIR; };
		F5DF7BAA1B2208B200071467 /* Info.plist */ = {isa = PBXFileReference; lastKnownFileType = text.plist.xml; path = Info.plist; sourceTree = "<group>"; };
		F5DF7BAB1B2208B200071467 /* AppDelegate.swift */ = {isa = PBXFileReference; lastKnownFileType = sourcecode.swift; path = AppDelegate.swift; sourceTree = "<group>"; };
		F5DF7BAD1B2208B200071467 /* ViewController.swift */ = {isa = PBXFileReference; lastKnownFileType = sourcecode.swift; path = ViewController.swift; sourceTree = "<group>"; };
		F5DF7BB01B2208B200071467 /* Base */ = {isa = PBXFileReference; lastKnownFileType = file.storyboard; name = Base; path = Base.lproj/Main.storyboard; sourceTree = "<group>"; };
		F5DF7BB21B2208B200071467 /* Images.xcassets */ = {isa = PBXFileReference; lastKnownFileType = folder.assetcatalog; path = Images.xcassets; sourceTree = "<group>"; };
		F5DF7BB51B2208B200071467 /* Base */ = {isa = PBXFileReference; lastKnownFileType = file.xib; name = Base; path = Base.lproj/LaunchScreen.xib; sourceTree = "<group>"; };
		F5DF7BBB1B2208B200071467 /* Times_TablesTests.xctest */ = {isa = PBXFileReference; explicitFileType = wrapper.cfbundle; includeInIndex = 0; path = Times_TablesTests.xctest; sourceTree = BUILT_PRODUCTS_DIR; };
		F5DF7BC01B2208B200071467 /* Info.plist */ = {isa = PBXFileReference; lastKnownFileType = text.plist.xml; path = Info.plist; sourceTree = "<group>"; };
		F5DF7BC11B2208B200071467 /* Times_TablesTests.swift */ = {isa = PBXFileReference; lastKnownFileType = sourcecode.swift; path = Times_TablesTests.swift; sourceTree = "<group>"; };
/* End PBXFileReference section */

/* Begin PBXFrameworksBuildPhase section */
		F5DF7BA31B2208B200071467 /* Frameworks */ = {
			isa = PBXFrameworksBuildPhase;
			buildActionMask = 2147483647;
			files = (
			);
			runOnlyForDeploymentPostprocessing = 0;
		};
		F5DF7BB81B2208B200071467 /* Frameworks */ = {
			isa = PBXFrameworksBuildPhase;
			buildActionMask = 2147483647;
			files = (
			);
			runOnlyForDeploymentPostprocessing = 0;
		};
/* End PBXFrameworksBuildPhase section */

/* Begin PBXGroup section */
		F5DF7B9D1B2208B200071467 = {
			isa = PBXGroup;
			children = (
				F5DF7BA81B2208B200071467 /* Times_Tables */,
				F5DF7BBE1B2208B200071467 /* Times_TablesTests */,
				F5DF7BA71B2208B200071467 /* Products */,
			);
			sourceTree = "<group>";
		};
		F5DF7BA71B2208B200071467 /* Products */ = {
			isa = PBXGroup;
			children = (
				F5DF7BA61B2208B200071467 /* Times_Tables.app */,
				F5DF7BBB1B2208B200071467 /* Times_TablesTests.xctest */,
			);
			name = Products;
			sourceTree = "<group>";
		};
		F5DF7BA81B2208B200071467 /* Times_Tables */ = {
			isa = PBXGroup;
			children = (
				F5DF7BAB1B2208B200071467 /* AppDelegate.swift */,
				F5DF7BAD1B2208B200071467 /* ViewController.swift */,
				F5DF7BAF1B2208B200071467 /* Main.storyboard */,
				F5DF7BB21B2208B200071467 /* Images.xcassets */,
				F5DF7BB41B2208B200071467 /* LaunchScreen.xib */,
				F5DF7BA91B2208B200071467 /* Supporting Files */,
			);
			path = Times_Tables;
			sourceTree = "<group>";
		};
		F5DF7BA91B2208B200071467 /* Supporting Files */ = {
			isa = PBXGroup;
			children = (
				F5DF7BAA1B2208B200071467 /* Info.plist */,
			);
			name = "Supporting Files";
			sourceTree = "<group>";
		};
		F5DF7BBE1B2208B200071467 /* Times_TablesTests */ = {
			isa = PBXGroup;
			children = (
				F5DF7BC11B2208B200071467 /* Times_TablesTests.swift */,
				F5DF7BBF1B2208B200071467 /* Supporting Files */,
			);
			path = Times_TablesTests;
			sourceTree = "<group>";
		};
		F5DF7BBF1B2208B200071467 /* Supporting Files */ = {
			isa = PBXGroup;
			children = (
				F5DF7BC01B2208B200071467 /* Info.plist */,
			);
			name = "Supporting Files";
			sourceTree = "<group>";
		};
/* End PBXGroup section */

/* Begin PBXNativeTarget section */
		F5DF7BA51B2208B200071467 /* Times_Tables */ = {
			isa = PBXNativeTarget;
			buildConfigurationList = F5DF7BC51B2208B200071467 /* Build configuration list for PBXNativeTarget "Times_Tables" */;
			buildPhases = (
				F5DF7BA21B2208B200071467 /* Sources */,
				F5DF7BA31B2208B200071467 /* Frameworks */,
				F5DF7BA41B2208B200071467 /* Resources */,
			);
			buildRules = (
			);
			dependencies = (
			);
			name = Times_Tables;
			productName = Times_Tables;
			productReference = F5DF7BA61B2208B200071467 /* Times_Tables.app */;
			productType = "com.apple.product-type.application";
		};
		F5DF7BBA1B2208B200071467 /* Times_TablesTests */ = {
			isa = PBXNativeTarget;
			buildConfigurationList = F5DF7BC81B2208B200071467 /* Build configuration list for PBXNativeTarget "Times_TablesTests" */;
			buildPhases = (
				F5DF7BB71B2208B200071467 /* Sources */,
				F5DF7BB81B2208B200071467 /* Frameworks */,
				F5DF7BB91B2208B200071467 /* Resources */,
			);
			buildRules = (
			);
			dependencies = (
				F5DF7BBD1B2208B200071467 /* PBXTargetDependency */,
			);
			name = Times_TablesTests;
			productName = Times_TablesTests;
			productReference = F5DF7BBB1B2208B200071467 /* Times_TablesTests.xctest */;
			productType = "com.apple.product-type.bundle.unit-test";
		};
/* End PBXNativeTarget section */

/* Begin PBXProject section */
		F5DF7B9E1B2208B200071467 /* Project object */ = {
			isa = PBXProject;
			attributes = {
				LastUpgradeCheck = 0630;
				ORGANIZATIONNAME = alandrews3;
				TargetAttributes = {
					F5DF7BA51B2208B200071467 = {
						CreatedOnToolsVersion = 6.3.1;
					};
					F5DF7BBA1B2208B200071467 = {
						CreatedOnToolsVersion = 6.3.1;
						TestTargetID = F5DF7BA51B2208B200071467;
					};
				};
			};
			buildConfigurationList = F5DF7BA11B2208B200071467 /* Build configuration list for PBXProject "Times_Tables" */;
			compatibilityVersion = "Xcode 3.2";
			developmentRegion = English;
			hasScannedForEncodings = 0;
			knownRegions = (
				en,
				Base,
			);
			mainGroup = F5DF7B9D1B2208B200071467;
			productRefGroup = F5DF7BA71B2208B200071467 /* Products */;
			projectDirPath = "";
			projectRoot = "";
			targets = (
				F5DF7BA51B2208B200071467 /* Times_Tables */,
				F5DF7BBA1B2208B200071467 /* Times_TablesTests */,
			);
		};
/* End PBXProject section */

/* Begin PBXResourcesBuildPhase section */
		F5DF7BA41B2208B200071467 /* Resources */ = {
			isa = PBXResourcesBuildPhase;
			buildActionMask = 2147483647;
			files = (
				F5DF7BB11B2208B200071467 /* Main.storyboard in Resources */,
				F5DF7BB61B2208B200071467 /* LaunchScreen.xib in Resources */,
				F5DF7BB31B2208B200071467 /* Images.xcassets in Resources */,
			);
			runOnlyForDeploymentPostprocessing = 0;
		};
		F5DF7BB91B2208B200071467 /* Resources */ = {
			isa = PBXResourcesBuildPhase;
			buildActionMask = 2147483647;
			files = (
			);
			runOnlyForDeploymentPostprocessing = 0;
		};
/* End PBXResourcesBuildPhase section */

/* Begin PBXSourcesBuildPhase section */
		F5DF7BA21B2208B200071467 /* Sources */ = {
			isa = PBXSourcesBuildPhase;
			buildActionMask = 2147483647;
			files = (
				F5DF7BAE1B2208B200071467 /* ViewController.swift in Sources */,
				F5DF7BAC1B2208B200071467 /* AppDelegate.swift in Sources */,
			);
			runOnlyForDeploymentPostprocessing = 0;
		};
		F5DF7BB71B2208B200071467 /* Sources */ = {
			isa = PBXSourcesBuildPhase;
			buildActionMask = 2147483647;
			files = (
				F5DF7BC21B2208B200071467 /* Times_TablesTests.swift in Sources */,
			);
			runOnlyForDeploymentPostprocessing = 0;
		};
/* End PBXSourcesBuildPhase section */

/* Begin PBXTargetDependency section */
		F5DF7BBD1B2208B200071467 /* PBXTargetDependency */ = {
			isa = PBXTargetDependency;
			target = F5DF7BA51B2208B200071467 /* Times_Tables */;
			targetProxy = F5DF7BBC1B2208B200071467 /* PBXContainerItemProxy */;
		};
/* End PBXTargetDependency section */

/* Begin PBXVariantGroup section */
		F5DF7BAF1B2208B200071467 /* Main.storyboard */ = {
			isa = PBXVariantGroup;
			children = (
				F5DF7BB01B2208B200071467 /* Base */,
			);
			name = Main.storyboard;
			sourceTree = "<group>";
		};
		F5DF7BB41B2208B200071467 /* LaunchScreen.xib */ = {
			isa = PBXVariantGroup;
			children = (
				F5DF7BB51B2208B200071467 /* Base */,
			);
			name = LaunchScreen.xib;
			sourceTree = "<group>";
		};
/* End PBXVariantGroup section */

/* Begin XCBuildConfiguration section */
		F5DF7BC31B2208B200071467 /* Debug */ = {
			isa = XCBuildConfiguration;
			buildSettings = {
				ALWAYS_SEARCH_USER_PATHS = NO;
				CLANG_CXX_LANGUAGE_STANDARD = "gnu++0x";
				CLANG_CXX_LIBRARY = "libc++";
				CLANG_ENABLE_MODULES = YES;
				CLANG_ENABLE_OBJC_ARC = YES;
				CLANG_WARN_BOOL_CONVERSION = YES;
				CLANG_WARN_CONSTANT_CONVERSION = YES;
				CLANG_WARN_DIRECT_OBJC_ISA_USAGE = YES_ERROR;
				CLANG_WARN_EMPTY_BODY = YES;
				CLANG_WARN_ENUM_CONVERSION = YES;
				CLANG_WARN_INT_CONVERSION = YES;
				CLANG_WARN_OBJC_ROOT_CLASS = YES_ERROR;
				CLANG_WARN_UNREACHABLE_CODE = YES;
				CLANG_WARN__DUPLICATE_METHOD_MATCH = YES;
				"CODE_SIGN_IDENTITY[sdk=iphoneos*]" = "iPhone Developer";
				COPY_PHASE_STRIP = NO;
				DEBUG_INFORMATION_FORMAT = "dwarf-with-dsym";
				ENABLE_STRICT_OBJC_MSGSEND = YES;
				GCC_C_LANGUAGE_STANDARD = gnu99;
				GCC_DYNAMIC_NO_PIC = NO;
				GCC_NO_COMMON_BLOCKS = YES;
				GCC_OPTIMIZATION_LEVEL = 0;
				GCC_PREPROCESSOR_DEFINITIONS = (
					"DEBUG=1",
					"$(inherited)",
				);
				GCC_SYMBOLS_PRIVATE_EXTERN = NO;
				GCC_WARN_64_TO_32_BIT_CONVERSION = YES;
				GCC_WARN_ABOUT_RETURN_TYPE = YES_ERROR;
				GCC_WARN_UNDECLARED_SELECTOR = YES;
				GCC_WARN_UNINITIALIZED_AUTOS = YES_AGGRESSIVE;
				GCC_WARN_UNUSED_FUNCTION = YES;
				GCC_WARN_UNUSED_VARIABLE = YES;
				IPHONEOS_DEPLOYMENT_TARGET = 8.3;
				MTL_ENABLE_DEBUG_INFO = YES;
				ONLY_ACTIVE_ARCH = YES;
				SDKROOT = iphoneos;
				SWIFT_OPTIMIZATION_LEVEL = "-Onone";
				TARGETED_DEVICE_FAMILY = "1,2";
			};
			name = Debug;
		};
		F5DF7BC41B2208B200071467 /* Release */ = {
			isa = XCBuildConfiguration;
			buildSettings = {
				ALWAYS_SEARCH_USER_PATHS = NO;
				CLANG_CXX_LANGUAGE_STANDARD = "gnu++0x";
				CLANG_CXX_LIBRARY = "libc++";
				CLANG_ENABLE_MODULES = YES;
				CLANG_ENABLE_OBJC_ARC = YES;
				CLANG_WARN_BOOL_CONVERSION = YES;
				CLANG_WARN_CONSTANT_CONVERSION = YES;
				CLANG_WARN_DIRECT_OBJC_ISA_USAGE = YES_ERROR;
				CLANG_WARN_EMPTY_BODY = YES;
				CLANG_WARN_ENUM_CONVERSION = YES;
				CLANG_WARN_INT_CONVERSION = YES;
				CLANG_WARN_OBJC_ROOT_CLASS = YES_ERROR;
				CLANG_WARN_UNREACHABLE_CODE = YES;
				CLANG_WARN__DUPLICATE_METHOD_MATCH = YES;
				"CODE_SIGN_IDENTITY[sdk=iphoneos*]" = "iPhone Developer";
				COPY_PHASE_STRIP = NO;
				DEBUG_INFORMATION_FORMAT = "dwarf-with-dsym";
				ENABLE_NS_ASSERTIONS = NO;
				ENABLE_STRICT_OBJC_MSGSEND = YES;
				GCC_C_LANGUAGE_STANDARD = gnu99;
				GCC_NO_COMMON_BLOCKS = YES;
				GCC_WARN_64_TO_32_BIT_CONVERSION = YES;
				GCC_WARN_ABOUT_RETURN_TYPE = YES_ERROR;
				GCC_WARN_UNDECLARED_SELECTOR = YES;
				GCC_WARN_UNINITIALIZED_AUTOS = YES_AGGRESSIVE;
				GCC_WARN_UNUSED_FUNCTION = YES;
				GCC_WARN_UNUSED_VARIABLE = YES;
				IPHONEOS_DEPLOYMENT_TARGET = 8.3;
				MTL_ENABLE_DEBUG_INFO = NO;
				SDKROOT = iphoneos;
				TARGETED_DEVICE_FAMILY = "1,2";
				VALIDATE_PRODUCT = YES;
			};
			name = Release;
		};
		F5DF7BC61B2208B200071467 /* Debug */ = {
			isa = XCBuildConfiguration;
			buildSettings = {
				ASSETCATALOG_COMPILER_APPICON_NAME = AppIcon;
				INFOPLIST_FILE = Times_Tables/Info.plist;
				LD_RUNPATH_SEARCH_PATHS = "$(inherited) @executable_path/Frameworks";
				PRODUCT_NAME = "$(TARGET_NAME)";
			};
			name = Debug;
		};
		F5DF7BC71B2208B200071467 /* Release */ = {
			isa = XCBuildConfiguration;
			buildSettings = {
				ASSETCATALOG_COMPILER_APPICON_NAME = AppIcon;
				INFOPLIST_FILE = Times_Tables/Info.plist;
				LD_RUNPATH_SEARCH_PATHS = "$(inherited) @executable_path/Frameworks";
				PRODUCT_NAME = "$(TARGET_NAME)";
			};
			name = Release;
		};
		F5DF7BC91B2208B200071467 /* Debug */ = {
			isa = XCBuildConfiguration;
			buildSettings = {
				BUNDLE_LOADER = "$(TEST_HOST)";
				FRAMEWORK_SEARCH_PATHS = (
					"$(SDKROOT)/Developer/Library/Frameworks",
					"$(inherited)",
				);
				GCC_PREPROCESSOR_DEFINITIONS = (
					"DEBUG=1",
					"$(inherited)",
				);
				INFOPLIST_FILE = Times_TablesTests/Info.plist;
				LD_RUNPATH_SEARCH_PATHS = "$(inherited) @executable_path/Frameworks @loader_path/Frameworks";
				PRODUCT_NAME = "$(TARGET_NAME)";
				TEST_HOST = "$(BUILT_PRODUCTS_DIR)/Times_Tables.app/Times_Tables";
			};
			name = Debug;
		};
		F5DF7BCA1B2208B200071467 /* Release */ = {
			isa = XCBuildConfiguration;
			buildSettings = {
				BUNDLE_LOADER = "$(TEST_HOST)";
				FRAMEWORK_SEARCH_PATHS = (
					"$(SDKROOT)/Developer/Library/Frameworks",
					"$(inherited)",
				);
				INFOPLIST_FILE = Times_TablesTests/Info.plist;
				LD_RUNPATH_SEARCH_PATHS = "$(inherited) @executable_path/Frameworks @loader_path/Frameworks";
				PRODUCT_NAME = "$(TARGET_NAME)";
				TEST_HOST = "$(BUILT_PRODUCTS_DIR)/Times_Tables.app/Times_Tables";
			};
			name = Release;
		};
/* End XCBuildConfiguration section */

/* Begin XCConfigurationList section */
		F5DF7BA11B2208B200071467 /* Build configuration list for PBXProject "Times_Tables" */ = {
			isa = XCConfigurationList;
			buildConfigurations = (
				F5DF7BC31B2208B200071467 /* Debug */,
				F5DF7BC41B2208B200071467 /* Release */,
			);
			defaultConfigurationIsVisible = 0;
			defaultConfigurationName = Release;
		};
		F5DF7BC51B2208B200071467 /* Build configuration list for PBXNativeTarget "Times_Tables" */ = {
			isa = XCConfigurationList;
			buildConfigurations = (
				F5DF7BC61B2208B200071467 /* Debug */,
				F5DF7BC71B2208B200071467 /* Release */,
			);
			defaultConfigurationIsVisible = 0;
		};
		F5DF7BC81B2208B200071467 /* Build configuration list for PBXNativeTarget "Times_TablesTests" */ = {
			isa = XCConfigurationList;
			buildConfigurations = (
				F5DF7BC91B2208B200071467 /* Debug */,
				F5DF7BCA1B2208B200071467 /* Release */,
			);
			defaultConfigurationIsVisible = 0;
		};
/* End XCConfigurationList section */
	};
	rootObject = F5DF7B9E1B2208B200071467 /* Project object */;
}
