// !$*UTF8*$!
{
	archiveVersion = 1;
	classes = {
	};
	objectVersion = 46;
	objects = {

/* Begin PBXBuildFile section */
		3B22C1BC1B1666E7004AADAE /* HelperFunctions.swift in Sources */ = {isa = PBXBuildFile; fileRef = 3B22C1BB1B1666E7004AADAE /* HelperFunctions.swift */; };
		3B22C1C21B1791ED004AADAE /* Extensions.swift in Sources */ = {isa = PBXBuildFile; fileRef = 3B22C1C11B1791ED004AADAE /* Extensions.swift */; };
		3B4507A11B2B803300BEFD24 /* uavIcon.png in Resources */ = {isa = PBXBuildFile; fileRef = 3B4507A01B2B803300BEFD24 /* uavIcon.png */; };
		3B5780C01B681B6C00C31362 /* Globals.swift in Sources */ = {isa = PBXBuildFile; fileRef = 3B5780BF1B681B6C00C31362 /* Globals.swift */; };
		3B6ED9E91B0BA5B9003E8903 /* navigation_bg.jpg in Resources */ = {isa = PBXBuildFile; fileRef = 3B6ED9E81B0BA5B9003E8903 /* navigation_bg.jpg */; };
		3B6ED9ED1B0BB8E7003E8903 /* page.jpeg in Resources */ = {isa = PBXBuildFile; fileRef = 3B6ED9EC1B0BB8E7003E8903 /* page.jpeg */; };
		3B6ED9EF1B0BC93F003E8903 /* about_icon.png in Resources */ = {isa = PBXBuildFile; fileRef = 3B6ED9EE1B0BC93F003E8903 /* about_icon.png */; };
		3B6ED9F11B0BC947003E8903 /* article_icon.png in Resources */ = {isa = PBXBuildFile; fileRef = 3B6ED9F01B0BC947003E8903 /* article_icon.png */; };
		3B6ED9F31B0BC94E003E8903 /* ask_a_scientist_icon.png in Resources */ = {isa = PBXBuildFile; fileRef = 3B6ED9F21B0BC94E003E8903 /* ask_a_scientist_icon.png */; };
		3B6ED9F51B0BC95F003E8903 /* map_icon.png in Resources */ = {isa = PBXBuildFile; fileRef = 3B6ED9F41B0BC95F003E8903 /* map_icon.png */; };
		3B6ED9F71B0BC967003E8903 /* research_icon.png in Resources */ = {isa = PBXBuildFile; fileRef = 3B6ED9F61B0BC967003E8903 /* research_icon.png */; };
		3B6ED9F91B0BC96D003E8903 /* video_icon.png in Resources */ = {isa = PBXBuildFile; fileRef = 3B6ED9F81B0BC96D003E8903 /* video_icon.png */; };
		3B6ED9FD1B0BD9A0003E8903 /* drawer_shadow.png in Resources */ = {isa = PBXBuildFile; fileRef = 3B6ED9FC1B0BD9A0003E8903 /* drawer_shadow.png */; };
		3B6EDA051B0E4FB2003E8903 /* CustomTableViewCell.swift in Sources */ = {isa = PBXBuildFile; fileRef = 3B6EDA041B0E4FB2003E8903 /* CustomTableViewCell.swift */; };
		3B8170251B4DC2E30027EB2B /* arsc_icon.png in Resources */ = {isa = PBXBuildFile; fileRef = 3B8170241B4DC2E30027EB2B /* arsc_icon.png */; };
		3B8170271B4DC2F50027EB2B /* gi_icon.png in Resources */ = {isa = PBXBuildFile; fileRef = 3B8170261B4DC2F50027EB2B /* gi_icon.png */; };
		3B8170291B4DC3000027EB2B /* fs_icon.png in Resources */ = {isa = PBXBuildFile; fileRef = 3B8170281B4DC3000027EB2B /* fs_icon.png */; };
		3BAA17E41B06C36D003510D7 /* AppDelegate.swift in Sources */ = {isa = PBXBuildFile; fileRef = 3BAA17E31B06C36D003510D7 /* AppDelegate.swift */; };
		3BAA17E61B06C36D003510D7 /* MainViewController.swift in Sources */ = {isa = PBXBuildFile; fileRef = 3BAA17E51B06C36D003510D7 /* MainViewController.swift */; };
		3BAA17E91B06C36D003510D7 /* Main.storyboard in Resources */ = {isa = PBXBuildFile; fileRef = 3BAA17E71B06C36D003510D7 /* Main.storyboard */; };
		3BAA17EB1B06C36D003510D7 /* Images.xcassets in Resources */ = {isa = PBXBuildFile; fileRef = 3BAA17EA1B06C36D003510D7 /* Images.xcassets */; };
		3BAA17EE1B06C36D003510D7 /* LaunchScreen.xib in Resources */ = {isa = PBXBuildFile; fileRef = 3BAA17EC1B06C36D003510D7 /* LaunchScreen.xib */; };
		3BAA17FA1B06C36E003510D7 /* FrontierScientistsMediaTests.swift in Sources */ = {isa = PBXBuildFile; fileRef = 3BAA17F91B06C36E003510D7 /* FrontierScientistsMediaTests.swift */; };
		3BBBD4881B20CC6600C628B1 /* ProjectView.swift in Sources */ = {isa = PBXBuildFile; fileRef = 3BBBD4871B20CC6600C628B1 /* ProjectView.swift */; };
		3BBBD48A1B20CD9200C628B1 /* ResearchNavigationTableView.swift in Sources */ = {isa = PBXBuildFile; fileRef = 3BBBD4891B20CD9200C628B1 /* ResearchNavigationTableView.swift */; };
		3BBBD48C1B20D38300C628B1 /* ResearchContainer.swift in Sources */ = {isa = PBXBuildFile; fileRef = 3BBBD48B1B20D38300C628B1 /* ResearchContainer.swift */; };
		3BBBD4921B227D8400C628B1 /* Game in Resources */ = {isa = PBXBuildFile; fileRef = 3BBBD4911B227D8400C628B1 /* Game */; };
		7E31EFB31B0EA8FC00C05F0C /* bg.png in Resources */ = {isa = PBXBuildFile; fileRef = 7E31EFB21B0EA8FC00C05F0C /* bg.png */; };
		7E8D518A1B43AF6C0099EAD2 /* MapKit.framework in Frameworks */ = {isa = PBXBuildFile; fileRef = 7E8D51891B43AF6C0099EAD2 /* MapKit.framework */; };
		7E8D518C1B43AFD10099EAD2 /* MapViewController.swift in Sources */ = {isa = PBXBuildFile; fileRef = 7E8D518B1B43AFD10099EAD2 /* MapViewController.swift */; };
		7E8E89B81B279C8300966C82 /* AboutViewController.swift in Sources */ = {isa = PBXBuildFile; fileRef = 7E8E89B71B279C8300966C82 /* AboutViewController.swift */; };
		7EBAF7641B4C7ECB00E287DD /* diamond_blue.png in Resources */ = {isa = PBXBuildFile; fileRef = 7EBAF7631B4C7ECB00E287DD /* diamond_blue.png */; };
		7EC15FD61D500F9F0082B681 /* ResearchObjects.swift in Sources */ = {isa = PBXBuildFile; fileRef = 7EC15FD51D500F9F0082B681 /* ResearchObjects.swift */; };
		7EC15FD81D500FA80082B681 /* Downloader.swift in Sources */ = {isa = PBXBuildFile; fileRef = 7EC15FD71D500FA80082B681 /* Downloader.swift */; };
		7EFEB1B51B0E8DD40056100A /* AskViewController.swift in Sources */ = {isa = PBXBuildFile; fileRef = 7EFEB1B41B0E8DD40056100A /* AskViewController.swift */; };
		F560C6F11B28ED87007929A0 /* nav_bar_bg.png in Resources */ = {isa = PBXBuildFile; fileRef = F560C6F01B28ED87007929A0 /* nav_bar_bg.png */; };
		F560C6F31B28FBB5007929A0 /* play_icon.png in Resources */ = {isa = PBXBuildFile; fileRef = F560C6F21B28FBB5007929A0 /* play_icon.png */; };
		F560C6F91B2908CE007929A0 /* blank_icon.png in Resources */ = {isa = PBXBuildFile; fileRef = F560C6F81B2908CE007929A0 /* blank_icon.png */; };
		F560C6FB1B290978007929A0 /* cancel_icon.png in Resources */ = {isa = PBXBuildFile; fileRef = F560C6FA1B290978007929A0 /* cancel_icon.png */; };
		F56E9E3E1B1CCE170027D39B /* CellBorder.png in Resources */ = {isa = PBXBuildFile; fileRef = F56E9E3D1B1CCE170027D39B /* CellBorder.png */; };
		F56E9E441B1CD0670027D39B /* ArticlesTableViewController.swift in Sources */ = {isa = PBXBuildFile; fileRef = F56E9E421B1CD0670027D39B /* ArticlesTableViewController.swift */; };
		F56E9E451B1CD0670027D39B /* ArticleViewController.swift in Sources */ = {isa = PBXBuildFile; fileRef = F56E9E431B1CD0670027D39B /* ArticleViewController.swift */; };
		F56E9E471B1CD1600027D39B /* new_icon-web.png in Resources */ = {isa = PBXBuildFile; fileRef = F56E9E461B1CD1600027D39B /* new_icon-web.png */; };
		F56E9E491B1CD1700027D39B /* Transition_Icon.png in Resources */ = {isa = PBXBuildFile; fileRef = F56E9E481B1CD1700027D39B /* Transition_Icon.png */; };
		F56E9E501B1CD1890027D39B /* VideoDownloadHelper.swift in Sources */ = {isa = PBXBuildFile; fileRef = F56E9E4A1B1CD1890027D39B /* VideoDownloadHelper.swift */; };
		F56E9E511B1CD1890027D39B /* DownloadedVideoPlayerController.swift in Sources */ = {isa = PBXBuildFile; fileRef = F56E9E4B1B1CD1890027D39B /* DownloadedVideoPlayerController.swift */; };
		F56E9E521B1CD1890027D39B /* VideosTableViewController.swift in Sources */ = {isa = PBXBuildFile; fileRef = F56E9E4C1B1CD1890027D39B /* VideosTableViewController.swift */; };
		F56E9E531B1CD1890027D39B /* YouTubeStreamingViewController.swift in Sources */ = {isa = PBXBuildFile; fileRef = F56E9E4D1B1CD1890027D39B /* YouTubeStreamingViewController.swift */; };
		F56E9E541B1CD1890027D39B /* YTPlayerView.m in Sources */ = {isa = PBXBuildFile; fileRef = F56E9E4F1B1CD1890027D39B /* YTPlayerView.m */; };
		F56E9E611B1CE3BC0027D39B /* Reachability.m in Sources */ = {isa = PBXBuildFile; fileRef = F56E9E601B1CE3BC0027D39B /* Reachability.m */; };
		F56E9E6A1B1E15B80027D39B /* Assets in Resources */ = {isa = PBXBuildFile; fileRef = F56E9E691B1E15B80027D39B /* Assets */; };
		F56E9E6C1B1E18260027D39B /* download_icon-web.png in Resources */ = {isa = PBXBuildFile; fileRef = F56E9E6B1B1E18260027D39B /* download_icon-web.png */; };
		F56E9E6E1B1E18450027D39B /* delete_icon-web.png in Resources */ = {isa = PBXBuildFile; fileRef = F56E9E6D1B1E18450027D39B /* delete_icon-web.png */; };
		F5DFA03E1B541B83006940BC /* Drawer_Button.png in Resources */ = {isa = PBXBuildFile; fileRef = F5DFA03D1B541B83006940BC /* Drawer_Button.png */; };
/* End PBXBuildFile section */

/* Begin PBXContainerItemProxy section */
		3BAA17F41B06C36E003510D7 /* PBXContainerItemProxy */ = {
			isa = PBXContainerItemProxy;
			containerPortal = 3BAA17D61B06C36D003510D7 /* Project object */;
			proxyType = 1;
			remoteGlobalIDString = 3BAA17DD1B06C36D003510D7;
			remoteInfo = FrontierScientistsMedia;
		};
/* End PBXContainerItemProxy section */

/* Begin PBXFileReference section */
		3B22C1BB1B1666E7004AADAE /* HelperFunctions.swift */ = {isa = PBXFileReference; fileEncoding = 4; lastKnownFileType = sourcecode.swift; path = HelperFunctions.swift; sourceTree = "<group>"; };
		3B22C1C11B1791ED004AADAE /* Extensions.swift */ = {isa = PBXFileReference; fileEncoding = 4; lastKnownFileType = sourcecode.swift; path = Extensions.swift; sourceTree = "<group>"; };
		3B4507A01B2B803300BEFD24 /* uavIcon.png */ = {isa = PBXFileReference; lastKnownFileType = image.png; path = uavIcon.png; sourceTree = "<group>"; };
		3B5780BF1B681B6C00C31362 /* Globals.swift */ = {isa = PBXFileReference; fileEncoding = 4; lastKnownFileType = sourcecode.swift; path = Globals.swift; sourceTree = "<group>"; };
		3B6ED9E81B0BA5B9003E8903 /* navigation_bg.jpg */ = {isa = PBXFileReference; lastKnownFileType = image.jpeg; path = navigation_bg.jpg; sourceTree = "<group>"; };
		3B6ED9EC1B0BB8E7003E8903 /* page.jpeg */ = {isa = PBXFileReference; lastKnownFileType = image.jpeg; path = page.jpeg; sourceTree = "<group>"; };
		3B6ED9EE1B0BC93F003E8903 /* about_icon.png */ = {isa = PBXFileReference; lastKnownFileType = image.png; path = about_icon.png; sourceTree = "<group>"; };
		3B6ED9F01B0BC947003E8903 /* article_icon.png */ = {isa = PBXFileReference; lastKnownFileType = image.png; path = article_icon.png; sourceTree = "<group>"; };
		3B6ED9F21B0BC94E003E8903 /* ask_a_scientist_icon.png */ = {isa = PBXFileReference; lastKnownFileType = image.png; path = ask_a_scientist_icon.png; sourceTree = "<group>"; };
		3B6ED9F41B0BC95F003E8903 /* map_icon.png */ = {isa = PBXFileReference; lastKnownFileType = image.png; path = map_icon.png; sourceTree = "<group>"; };
		3B6ED9F61B0BC967003E8903 /* research_icon.png */ = {isa = PBXFileReference; lastKnownFileType = image.png; path = research_icon.png; sourceTree = "<group>"; };
		3B6ED9F81B0BC96D003E8903 /* video_icon.png */ = {isa = PBXFileReference; lastKnownFileType = image.png; path = video_icon.png; sourceTree = "<group>"; };
		3B6ED9FC1B0BD9A0003E8903 /* drawer_shadow.png */ = {isa = PBXFileReference; lastKnownFileType = image.png; path = drawer_shadow.png; sourceTree = "<group>"; };
		3B6EDA041B0E4FB2003E8903 /* CustomTableViewCell.swift */ = {isa = PBXFileReference; fileEncoding = 4; lastKnownFileType = sourcecode.swift; path = CustomTableViewCell.swift; sourceTree = "<group>"; };
		3B8170241B4DC2E30027EB2B /* arsc_icon.png */ = {isa = PBXFileReference; lastKnownFileType = image.png; path = arsc_icon.png; sourceTree = "<group>"; };
		3B8170261B4DC2F50027EB2B /* gi_icon.png */ = {isa = PBXFileReference; lastKnownFileType = image.png; path = gi_icon.png; sourceTree = "<group>"; };
		3B8170281B4DC3000027EB2B /* fs_icon.png */ = {isa = PBXFileReference; lastKnownFileType = image.png; path = fs_icon.png; sourceTree = "<group>"; };
		3BAA17DE1B06C36D003510D7 /* FrontierScientistsMedia.app */ = {isa = PBXFileReference; explicitFileType = wrapper.application; includeInIndex = 0; path = FrontierScientistsMedia.app; sourceTree = BUILT_PRODUCTS_DIR; };
		3BAA17E21B06C36D003510D7 /* Info.plist */ = {isa = PBXFileReference; lastKnownFileType = text.plist.xml; path = Info.plist; sourceTree = "<group>"; };
		3BAA17E31B06C36D003510D7 /* AppDelegate.swift */ = {isa = PBXFileReference; lastKnownFileType = sourcecode.swift; path = AppDelegate.swift; sourceTree = "<group>"; };
		3BAA17E51B06C36D003510D7 /* MainViewController.swift */ = {isa = PBXFileReference; lastKnownFileType = sourcecode.swift; path = MainViewController.swift; sourceTree = "<group>"; };
		3BAA17E81B06C36D003510D7 /* Base */ = {isa = PBXFileReference; lastKnownFileType = file.storyboard; name = Base; path = Base.lproj/Main.storyboard; sourceTree = "<group>"; };
		3BAA17EA1B06C36D003510D7 /* Images.xcassets */ = {isa = PBXFileReference; lastKnownFileType = folder.assetcatalog; path = Images.xcassets; sourceTree = "<group>"; };
		3BAA17ED1B06C36D003510D7 /* Base */ = {isa = PBXFileReference; lastKnownFileType = file.xib; name = Base; path = Base.lproj/LaunchScreen.xib; sourceTree = "<group>"; };
		3BAA17F31B06C36E003510D7 /* FrontierScientistsMediaTests.xctest */ = {isa = PBXFileReference; explicitFileType = wrapper.cfbundle; includeInIndex = 0; path = FrontierScientistsMediaTests.xctest; sourceTree = BUILT_PRODUCTS_DIR; };
		3BAA17F81B06C36E003510D7 /* Info.plist */ = {isa = PBXFileReference; lastKnownFileType = text.plist.xml; path = Info.plist; sourceTree = "<group>"; };
		3BAA17F91B06C36E003510D7 /* FrontierScientistsMediaTests.swift */ = {isa = PBXFileReference; lastKnownFileType = sourcecode.swift; path = FrontierScientistsMediaTests.swift; sourceTree = "<group>"; };
		3BBBD4871B20CC6600C628B1 /* ProjectView.swift */ = {isa = PBXFileReference; fileEncoding = 4; lastKnownFileType = sourcecode.swift; path = ProjectView.swift; sourceTree = "<group>"; };
		3BBBD4891B20CD9200C628B1 /* ResearchNavigationTableView.swift */ = {isa = PBXFileReference; fileEncoding = 4; lastKnownFileType = sourcecode.swift; path = ResearchNavigationTableView.swift; sourceTree = "<group>"; };
		3BBBD48B1B20D38300C628B1 /* ResearchContainer.swift */ = {isa = PBXFileReference; fileEncoding = 4; lastKnownFileType = sourcecode.swift; path = ResearchContainer.swift; sourceTree = "<group>"; };
		3BBBD4911B227D8400C628B1 /* Game */ = {isa = PBXFileReference; lastKnownFileType = folder; path = Game; sourceTree = "<group>"; };
		7E31EFB21B0EA8FC00C05F0C /* bg.png */ = {isa = PBXFileReference; lastKnownFileType = image.png; path = bg.png; sourceTree = "<group>"; };
		7E8D51891B43AF6C0099EAD2 /* MapKit.framework */ = {isa = PBXFileReference; lastKnownFileType = wrapper.framework; name = MapKit.framework; path = System/Library/Frameworks/MapKit.framework; sourceTree = SDKROOT; };
		7E8D518B1B43AFD10099EAD2 /* MapViewController.swift */ = {isa = PBXFileReference; fileEncoding = 4; lastKnownFileType = sourcecode.swift; path = MapViewController.swift; sourceTree = "<group>"; };
		7E8E89B71B279C8300966C82 /* AboutViewController.swift */ = {isa = PBXFileReference; fileEncoding = 4; lastKnownFileType = sourcecode.swift; path = AboutViewController.swift; sourceTree = "<group>"; };
		7EBAF7631B4C7ECB00E287DD /* diamond_blue.png */ = {isa = PBXFileReference; lastKnownFileType = image.png; path = diamond_blue.png; sourceTree = "<group>"; };
		7EC15FD51D500F9F0082B681 /* ResearchObjects.swift */ = {isa = PBXFileReference; fileEncoding = 4; lastKnownFileType = sourcecode.swift; path = ResearchObjects.swift; sourceTree = "<group>"; };
		7EC15FD71D500FA80082B681 /* Downloader.swift */ = {isa = PBXFileReference; fileEncoding = 4; lastKnownFileType = sourcecode.swift; path = Downloader.swift; sourceTree = "<group>"; };
		7EFEB1B41B0E8DD40056100A /* AskViewController.swift */ = {isa = PBXFileReference; fileEncoding = 4; lastKnownFileType = sourcecode.swift; name = AskViewController.swift; path = ../AskViewController.swift; sourceTree = "<group>"; };
		F560C6F01B28ED87007929A0 /* nav_bar_bg.png */ = {isa = PBXFileReference; lastKnownFileType = image.png; path = nav_bar_bg.png; sourceTree = "<group>"; };
		F560C6F21B28FBB5007929A0 /* play_icon.png */ = {isa = PBXFileReference; lastKnownFileType = image.png; path = play_icon.png; sourceTree = "<group>"; };
		F560C6F81B2908CE007929A0 /* blank_icon.png */ = {isa = PBXFileReference; lastKnownFileType = image.png; path = blank_icon.png; sourceTree = "<group>"; };
		F560C6FA1B290978007929A0 /* cancel_icon.png */ = {isa = PBXFileReference; lastKnownFileType = image.png; path = cancel_icon.png; sourceTree = "<group>"; };
		F56E9E3D1B1CCE170027D39B /* CellBorder.png */ = {isa = PBXFileReference; lastKnownFileType = image.png; path = CellBorder.png; sourceTree = "<group>"; };
		F56E9E421B1CD0670027D39B /* ArticlesTableViewController.swift */ = {isa = PBXFileReference; fileEncoding = 4; lastKnownFileType = sourcecode.swift; path = ArticlesTableViewController.swift; sourceTree = "<group>"; };
		F56E9E431B1CD0670027D39B /* ArticleViewController.swift */ = {isa = PBXFileReference; fileEncoding = 4; lastKnownFileType = sourcecode.swift; path = ArticleViewController.swift; sourceTree = "<group>"; };
		F56E9E461B1CD1600027D39B /* new_icon-web.png */ = {isa = PBXFileReference; lastKnownFileType = image.png; path = "new_icon-web.png"; sourceTree = "<group>"; };
		F56E9E481B1CD1700027D39B /* Transition_Icon.png */ = {isa = PBXFileReference; lastKnownFileType = image.png; path = Transition_Icon.png; sourceTree = "<group>"; };
		F56E9E4A1B1CD1890027D39B /* VideoDownloadHelper.swift */ = {isa = PBXFileReference; fileEncoding = 4; lastKnownFileType = sourcecode.swift; path = VideoDownloadHelper.swift; sourceTree = "<group>"; };
		F56E9E4B1B1CD1890027D39B /* DownloadedVideoPlayerController.swift */ = {isa = PBXFileReference; fileEncoding = 4; lastKnownFileType = sourcecode.swift; path = DownloadedVideoPlayerController.swift; sourceTree = "<group>"; };
		F56E9E4C1B1CD1890027D39B /* VideosTableViewController.swift */ = {isa = PBXFileReference; fileEncoding = 4; lastKnownFileType = sourcecode.swift; path = VideosTableViewController.swift; sourceTree = "<group>"; };
		F56E9E4D1B1CD1890027D39B /* YouTubeStreamingViewController.swift */ = {isa = PBXFileReference; fileEncoding = 4; lastKnownFileType = sourcecode.swift; path = YouTubeStreamingViewController.swift; sourceTree = "<group>"; };
		F56E9E4E1B1CD1890027D39B /* YTPlayerView.h */ = {isa = PBXFileReference; fileEncoding = 4; lastKnownFileType = sourcecode.c.h; path = YTPlayerView.h; sourceTree = "<group>"; };
		F56E9E4F1B1CD1890027D39B /* YTPlayerView.m */ = {isa = PBXFileReference; fileEncoding = 4; lastKnownFileType = sourcecode.c.objc; path = YTPlayerView.m; sourceTree = "<group>"; };
		F56E9E551B1CD1A80027D39B /* BridgingHeader.h */ = {isa = PBXFileReference; fileEncoding = 4; lastKnownFileType = sourcecode.c.h; path = BridgingHeader.h; sourceTree = "<group>"; };
		F56E9E5F1B1CE3BC0027D39B /* Reachability.h */ = {isa = PBXFileReference; fileEncoding = 4; lastKnownFileType = sourcecode.c.h; name = Reachability.h; path = ../Reachability.h; sourceTree = "<group>"; };
		F56E9E601B1CE3BC0027D39B /* Reachability.m */ = {isa = PBXFileReference; fileEncoding = 4; lastKnownFileType = sourcecode.c.objc; name = Reachability.m; path = ../Reachability.m; sourceTree = "<group>"; };
		F56E9E691B1E15B80027D39B /* Assets */ = {isa = PBXFileReference; lastKnownFileType = folder; path = Assets; sourceTree = "<group>"; };
		F56E9E6B1B1E18260027D39B /* download_icon-web.png */ = {isa = PBXFileReference; lastKnownFileType = image.png; path = "download_icon-web.png"; sourceTree = "<group>"; };
		F56E9E6D1B1E18450027D39B /* delete_icon-web.png */ = {isa = PBXFileReference; lastKnownFileType = image.png; path = "delete_icon-web.png"; sourceTree = "<group>"; };
		F5DFA03D1B541B83006940BC /* Drawer_Button.png */ = {isa = PBXFileReference; lastKnownFileType = image.png; path = Drawer_Button.png; sourceTree = "<group>"; };
/* End PBXFileReference section */

/* Begin PBXFrameworksBuildPhase section */
		3BAA17DB1B06C36D003510D7 /* Frameworks */ = {
			isa = PBXFrameworksBuildPhase;
			buildActionMask = 2147483647;
			files = (
				7E8D518A1B43AF6C0099EAD2 /* MapKit.framework in Frameworks */,
			);
			runOnlyForDeploymentPostprocessing = 0;
		};
		3BAA17F01B06C36E003510D7 /* Frameworks */ = {
			isa = PBXFrameworksBuildPhase;
			buildActionMask = 2147483647;
			files = (
			);
			runOnlyForDeploymentPostprocessing = 0;
		};
/* End PBXFrameworksBuildPhase section */

/* Begin PBXGroup section */
		3BAA17D51B06C36D003510D7 = {
			isa = PBXGroup;
			children = (
				7E8D51891B43AF6C0099EAD2 /* MapKit.framework */,
				3BAA17E01B06C36D003510D7 /* Frontier-Scientists */,
				3BAA17F61B06C36E003510D7 /* FrontierScientistsMediaTests */,
				3BAA17DF1B06C36D003510D7 /* Products */,
			);
			sourceTree = "<group>";
		};
		3BAA17DF1B06C36D003510D7 /* Products */ = {
			isa = PBXGroup;
			children = (
				3BAA17DE1B06C36D003510D7 /* FrontierScientistsMedia.app */,
				3BAA17F31B06C36E003510D7 /* FrontierScientistsMediaTests.xctest */,
			);
			name = Products;
			sourceTree = "<group>";
		};
		3BAA17E01B06C36D003510D7 /* Frontier-Scientists */ = {
			isa = PBXGroup;
			children = (
				F56E9E5F1B1CE3BC0027D39B /* Reachability.h */,
				F56E9E601B1CE3BC0027D39B /* Reachability.m */,
				F56E9E4E1B1CD1890027D39B /* YTPlayerView.h */,
				F56E9E4F1B1CD1890027D39B /* YTPlayerView.m */,
				3BAA17E31B06C36D003510D7 /* AppDelegate.swift */,
				F56E9E421B1CD0670027D39B /* ArticlesTableViewController.swift */,
				7E8E89B71B279C8300966C82 /* AboutViewController.swift */,
				F56E9E431B1CD0670027D39B /* ArticleViewController.swift */,
				7EFEB1B41B0E8DD40056100A /* AskViewController.swift */,
				F56E9E551B1CD1A80027D39B /* BridgingHeader.h */,
				3B6EDA041B0E4FB2003E8903 /* CustomTableViewCell.swift */,
				7EC15FD71D500FA80082B681 /* Downloader.swift */,
				F56E9E4B1B1CD1890027D39B /* DownloadedVideoPlayerController.swift */,
				3B22C1C11B1791ED004AADAE /* Extensions.swift */,
				3B5780BF1B681B6C00C31362 /* Globals.swift */,
				3B22C1BB1B1666E7004AADAE /* HelperFunctions.swift */,
				3BAA17E51B06C36D003510D7 /* MainViewController.swift */,
				7E8D518B1B43AFD10099EAD2 /* MapViewController.swift */,
				3BBBD4871B20CC6600C628B1 /* ProjectView.swift */,
				7EC15FD51D500F9F0082B681 /* ResearchObjects.swift */,
				3BBBD48B1B20D38300C628B1 /* ResearchContainer.swift */,
				3BBBD4891B20CD9200C628B1 /* ResearchNavigationTableView.swift */,
				F56E9E4A1B1CD1890027D39B /* VideoDownloadHelper.swift */,
				F56E9E4C1B1CD1890027D39B /* VideosTableViewController.swift */,
				F56E9E4D1B1CD1890027D39B /* YouTubeStreamingViewController.swift */,
				3BAA17EC1B06C36D003510D7 /* LaunchScreen.xib */,
				3BAA17E71B06C36D003510D7 /* Main.storyboard */,
				3BAA17EA1B06C36D003510D7 /* Images.xcassets */,
				F56E9E691B1E15B80027D39B /* Assets */,
				3BAA17E11B06C36D003510D7 /* Supporting Files */,
			);
			name = "Frontier-Scientists";
			path = FrontierScientistsMedia;
			sourceTree = "<group>";
		};
		3BAA17E11B06C36D003510D7 /* Supporting Files */ = {
			isa = PBXGroup;
			children = (
				3B4507A01B2B803300BEFD24 /* uavIcon.png */,
				3BBBD4911B227D8400C628B1 /* Game */,
				3B6ED9EE1B0BC93F003E8903 /* about_icon.png */,
				3B8170241B4DC2E30027EB2B /* arsc_icon.png */,
				3B6ED9F01B0BC947003E8903 /* article_icon.png */,
				3B6ED9F21B0BC94E003E8903 /* ask_a_scientist_icon.png */,
				7E31EFB21B0EA8FC00C05F0C /* bg.png */,
				F560C6F81B2908CE007929A0 /* blank_icon.png */,
				F560C6FA1B290978007929A0 /* cancel_icon.png */,
				F56E9E3D1B1CCE170027D39B /* CellBorder.png */,
				F56E9E6D1B1E18450027D39B /* delete_icon-web.png */,
				7EBAF7631B4C7ECB00E287DD /* diamond_blue.png */,
				F56E9E6B1B1E18260027D39B /* download_icon-web.png */,
				3B6ED9FC1B0BD9A0003E8903 /* drawer_shadow.png */,
				F5DFA03D1B541B83006940BC /* Drawer_Button.png */,
				3B8170281B4DC3000027EB2B /* fs_icon.png */,
				3B8170261B4DC2F50027EB2B /* gi_icon.png */,
				3B6ED9F41B0BC95F003E8903 /* map_icon.png */,
				F560C6F01B28ED87007929A0 /* nav_bar_bg.png */,
				3B6ED9E81B0BA5B9003E8903 /* navigation_bg.jpg */,
				F56E9E461B1CD1600027D39B /* new_icon-web.png */,
				3B6ED9EC1B0BB8E7003E8903 /* page.jpeg */,
				F560C6F21B28FBB5007929A0 /* play_icon.png */,
				3B6ED9F61B0BC967003E8903 /* research_icon.png */,
				F56E9E481B1CD1700027D39B /* Transition_Icon.png */,
				3B6ED9F81B0BC96D003E8903 /* video_icon.png */,
				3BAA17E21B06C36D003510D7 /* Info.plist */,
			);
			name = "Supporting Files";
			sourceTree = "<group>";
		};
		3BAA17F61B06C36E003510D7 /* FrontierScientistsMediaTests */ = {
			isa = PBXGroup;
			children = (
				3BAA17F91B06C36E003510D7 /* FrontierScientistsMediaTests.swift */,
				3BAA17F71B06C36E003510D7 /* Supporting Files */,
			);
			path = FrontierScientistsMediaTests;
			sourceTree = "<group>";
		};
		3BAA17F71B06C36E003510D7 /* Supporting Files */ = {
			isa = PBXGroup;
			children = (
				3BAA17F81B06C36E003510D7 /* Info.plist */,
			);
			name = "Supporting Files";
			sourceTree = "<group>";
		};
/* End PBXGroup section */

/* Begin PBXNativeTarget section */
		3BAA17DD1B06C36D003510D7 /* FrontierScientistsMedia */ = {
			isa = PBXNativeTarget;
			buildConfigurationList = 3BAA17FD1B06C36E003510D7 /* Build configuration list for PBXNativeTarget "FrontierScientistsMedia" */;
			buildPhases = (
				3BAA17DA1B06C36D003510D7 /* Sources */,
				3BAA17DB1B06C36D003510D7 /* Frameworks */,
				3BAA17DC1B06C36D003510D7 /* Resources */,
			);
			buildRules = (
			);
			dependencies = (
			);
			name = FrontierScientistsMedia;
			productName = FrontierScientistsMedia;
			productReference = 3BAA17DE1B06C36D003510D7 /* FrontierScientistsMedia.app */;
			productType = "com.apple.product-type.application";
		};
		3BAA17F21B06C36E003510D7 /* FrontierScientistsMediaTests */ = {
			isa = PBXNativeTarget;
			buildConfigurationList = 3BAA18001B06C36E003510D7 /* Build configuration list for PBXNativeTarget "FrontierScientistsMediaTests" */;
			buildPhases = (
				3BAA17EF1B06C36E003510D7 /* Sources */,
				3BAA17F01B06C36E003510D7 /* Frameworks */,
				3BAA17F11B06C36E003510D7 /* Resources */,
			);
			buildRules = (
			);
			dependencies = (
				3BAA17F51B06C36E003510D7 /* PBXTargetDependency */,
			);
			name = FrontierScientistsMediaTests;
			productName = FrontierScientistsMediaTests;
			productReference = 3BAA17F31B06C36E003510D7 /* FrontierScientistsMediaTests.xctest */;
			productType = "com.apple.product-type.bundle.unit-test";
		};
/* End PBXNativeTarget section */

/* Begin PBXProject section */
		3BAA17D61B06C36D003510D7 /* Project object */ = {
			isa = PBXProject;
			attributes = {
				LastSwiftMigration = 0700;
				LastSwiftUpdateCheck = 0700;
				LastUpgradeCheck = 0710;
				ORGANIZATIONNAME = FrontierScientists;
				TargetAttributes = {
					3BAA17DD1B06C36D003510D7 = {
						CreatedOnToolsVersion = 6.2;
						DevelopmentTeam = 5B5RHQ93SY;
					};
					3BAA17F21B06C36E003510D7 = {
						CreatedOnToolsVersion = 6.2;
						TestTargetID = 3BAA17DD1B06C36D003510D7;
					};
				};
			};
			buildConfigurationList = 3BAA17D91B06C36D003510D7 /* Build configuration list for PBXProject "Frontier-Scientists" */;
			compatibilityVersion = "Xcode 3.2";
			developmentRegion = English;
			hasScannedForEncodings = 0;
			knownRegions = (
				en,
				Base,
			);
			mainGroup = 3BAA17D51B06C36D003510D7;
			productRefGroup = 3BAA17DF1B06C36D003510D7 /* Products */;
			projectDirPath = "";
			projectRoot = "";
			targets = (
				3BAA17DD1B06C36D003510D7 /* FrontierScientistsMedia */,
				3BAA17F21B06C36E003510D7 /* FrontierScientistsMediaTests */,
			);
		};
/* End PBXProject section */

/* Begin PBXResourcesBuildPhase section */
		3BAA17DC1B06C36D003510D7 /* Resources */ = {
			isa = PBXResourcesBuildPhase;
			buildActionMask = 2147483647;
			files = (
				3B8170291B4DC3000027EB2B /* fs_icon.png in Resources */,
				F56E9E471B1CD1600027D39B /* new_icon-web.png in Resources */,
				3B6ED9EF1B0BC93F003E8903 /* about_icon.png in Resources */,
				F56E9E6A1B1E15B80027D39B /* Assets in Resources */,
				3B6ED9F11B0BC947003E8903 /* article_icon.png in Resources */,
				3B6ED9E91B0BA5B9003E8903 /* navigation_bg.jpg in Resources */,
				F56E9E6E1B1E18450027D39B /* delete_icon-web.png in Resources */,
				7E31EFB31B0EA8FC00C05F0C /* bg.png in Resources */,
				F5DFA03E1B541B83006940BC /* Drawer_Button.png in Resources */,
				3BAA17E91B06C36D003510D7 /* Main.storyboard in Resources */,
				F560C6FB1B290978007929A0 /* cancel_icon.png in Resources */,
				F560C6F91B2908CE007929A0 /* blank_icon.png in Resources */,
				3B6ED9F51B0BC95F003E8903 /* map_icon.png in Resources */,
				3BAA17EE1B06C36D003510D7 /* LaunchScreen.xib in Resources */,
				F56E9E6C1B1E18260027D39B /* download_icon-web.png in Resources */,
				F560C6F31B28FBB5007929A0 /* play_icon.png in Resources */,
				7EBAF7641B4C7ECB00E287DD /* diamond_blue.png in Resources */,
				F56E9E3E1B1CCE170027D39B /* CellBorder.png in Resources */,
				3B8170251B4DC2E30027EB2B /* arsc_icon.png in Resources */,
				3B6ED9ED1B0BB8E7003E8903 /* page.jpeg in Resources */,
				F560C6F11B28ED87007929A0 /* nav_bar_bg.png in Resources */,
				3BAA17EB1B06C36D003510D7 /* Images.xcassets in Resources */,
				3B6ED9F31B0BC94E003E8903 /* ask_a_scientist_icon.png in Resources */,
				3B6ED9F71B0BC967003E8903 /* research_icon.png in Resources */,
				3B6ED9FD1B0BD9A0003E8903 /* drawer_shadow.png in Resources */,
				3BBBD4921B227D8400C628B1 /* Game in Resources */,
				3B6ED9F91B0BC96D003E8903 /* video_icon.png in Resources */,
				3B4507A11B2B803300BEFD24 /* uavIcon.png in Resources */,
				3B8170271B4DC2F50027EB2B /* gi_icon.png in Resources */,
				F56E9E491B1CD1700027D39B /* Transition_Icon.png in Resources */,
			);
			runOnlyForDeploymentPostprocessing = 0;
		};
		3BAA17F11B06C36E003510D7 /* Resources */ = {
			isa = PBXResourcesBuildPhase;
			buildActionMask = 2147483647;
			files = (
			);
			runOnlyForDeploymentPostprocessing = 0;
		};
/* End PBXResourcesBuildPhase section */

/* Begin PBXSourcesBuildPhase section */
		3BAA17DA1B06C36D003510D7 /* Sources */ = {
			isa = PBXSourcesBuildPhase;
			buildActionMask = 2147483647;
			files = (
				7EC15FD61D500F9F0082B681 /* ResearchObjects.swift in Sources */,
				3B5780C01B681B6C00C31362 /* Globals.swift in Sources */,
				7EC15FD81D500FA80082B681 /* Downloader.swift in Sources */,
				3BBBD48A1B20CD9200C628B1 /* ResearchNavigationTableView.swift in Sources */,
				F56E9E451B1CD0670027D39B /* ArticleViewController.swift in Sources */,
				7EFEB1B51B0E8DD40056100A /* AskViewController.swift in Sources */,
				7E8E89B81B279C8300966C82 /* AboutViewController.swift in Sources */,
				3B6EDA051B0E4FB2003E8903 /* CustomTableViewCell.swift in Sources */,
				F56E9E531B1CD1890027D39B /* YouTubeStreamingViewController.swift in Sources */,
				3BBBD4881B20CC6600C628B1 /* ProjectView.swift in Sources */,
				3B22C1C21B1791ED004AADAE /* Extensions.swift in Sources */,
				F56E9E511B1CD1890027D39B /* DownloadedVideoPlayerController.swift in Sources */,
				3BBBD48C1B20D38300C628B1 /* ResearchContainer.swift in Sources */,
				3BAA17E61B06C36D003510D7 /* MainViewController.swift in Sources */,
				F56E9E441B1CD0670027D39B /* ArticlesTableViewController.swift in Sources */,
				3BAA17E41B06C36D003510D7 /* AppDelegate.swift in Sources */,
				F56E9E521B1CD1890027D39B /* VideosTableViewController.swift in Sources */,
				3B22C1BC1B1666E7004AADAE /* HelperFunctions.swift in Sources */,
				F56E9E541B1CD1890027D39B /* YTPlayerView.m in Sources */,
				F56E9E501B1CD1890027D39B /* VideoDownloadHelper.swift in Sources */,
				F56E9E611B1CE3BC0027D39B /* Reachability.m in Sources */,
				7E8D518C1B43AFD10099EAD2 /* MapViewController.swift in Sources */,
			);
			runOnlyForDeploymentPostprocessing = 0;
		};
		3BAA17EF1B06C36E003510D7 /* Sources */ = {
			isa = PBXSourcesBuildPhase;
			buildActionMask = 2147483647;
			files = (
				3BAA17FA1B06C36E003510D7 /* FrontierScientistsMediaTests.swift in Sources */,
			);
			runOnlyForDeploymentPostprocessing = 0;
		};
/* End PBXSourcesBuildPhase section */

/* Begin PBXTargetDependency section */
		3BAA17F51B06C36E003510D7 /* PBXTargetDependency */ = {
			isa = PBXTargetDependency;
			target = 3BAA17DD1B06C36D003510D7 /* FrontierScientistsMedia */;
			targetProxy = 3BAA17F41B06C36E003510D7 /* PBXContainerItemProxy */;
		};
/* End PBXTargetDependency section */

/* Begin PBXVariantGroup section */
		3BAA17E71B06C36D003510D7 /* Main.storyboard */ = {
			isa = PBXVariantGroup;
			children = (
				3BAA17E81B06C36D003510D7 /* Base */,
			);
			name = Main.storyboard;
			sourceTree = "<group>";
		};
		3BAA17EC1B06C36D003510D7 /* LaunchScreen.xib */ = {
			isa = PBXVariantGroup;
			children = (
				3BAA17ED1B06C36D003510D7 /* Base */,
			);
			name = LaunchScreen.xib;
			sourceTree = "<group>";
		};
/* End PBXVariantGroup section */

/* Begin XCBuildConfiguration section */
		3BAA17FB1B06C36E003510D7 /* Debug */ = {
			isa = XCBuildConfiguration;
			buildSettings = {
				ALWAYS_SEARCH_USER_PATHS = NO;
				CLANG_CXX_LANGUAGE_STANDARD = "gnu++0x";
				CLANG_CXX_LIBRARY = "libc++";
				CLANG_ENABLE_MODULES = YES;
				CLANG_ENABLE_OBJC_ARC = YES;
				CLANG_WARN_BOOL_CONVERSION = YES;
				CLANG_WARN_CONSTANT_CONVERSION = YES;
				CLANG_WARN_DIRECT_OBJC_ISA_USAGE = YES_ERROR;
				CLANG_WARN_EMPTY_BODY = YES;
				CLANG_WARN_ENUM_CONVERSION = YES;
				CLANG_WARN_INT_CONVERSION = YES;
				CLANG_WARN_OBJC_ROOT_CLASS = YES_ERROR;
				CLANG_WARN_UNREACHABLE_CODE = YES;
				CLANG_WARN__DUPLICATE_METHOD_MATCH = YES;
				"CODE_SIGN_IDENTITY[sdk=iphoneos*]" = "iPhone Developer";
				COPY_PHASE_STRIP = NO;
				ENABLE_STRICT_OBJC_MSGSEND = YES;
				ENABLE_TESTABILITY = YES;
				GCC_C_LANGUAGE_STANDARD = gnu99;
				GCC_DYNAMIC_NO_PIC = NO;
				GCC_OPTIMIZATION_LEVEL = 0;
				GCC_PREPROCESSOR_DEFINITIONS = (
					"DEBUG=1",
					"$(inherited)",
				);
				GCC_SYMBOLS_PRIVATE_EXTERN = NO;
				GCC_WARN_64_TO_32_BIT_CONVERSION = YES;
				GCC_WARN_ABOUT_RETURN_TYPE = YES_ERROR;
				GCC_WARN_UNDECLARED_SELECTOR = YES;
				GCC_WARN_UNINITIALIZED_AUTOS = YES_AGGRESSIVE;
				GCC_WARN_UNUSED_FUNCTION = YES;
				GCC_WARN_UNUSED_VARIABLE = YES;
				IPHONEOS_DEPLOYMENT_TARGET = 9.1;
				MTL_ENABLE_DEBUG_INFO = YES;
				ONLY_ACTIVE_ARCH = YES;
				SDKROOT = iphoneos;
				SWIFT_OPTIMIZATION_LEVEL = "-Onone";
				TARGETED_DEVICE_FAMILY = "1,2";
			};
			name = Debug;
		};
		3BAA17FC1B06C36E003510D7 /* Release */ = {
			isa = XCBuildConfiguration;
			buildSettings = {
				ALWAYS_SEARCH_USER_PATHS = NO;
				CLANG_CXX_LANGUAGE_STANDARD = "gnu++0x";
				CLANG_CXX_LIBRARY = "libc++";
				CLANG_ENABLE_MODULES = YES;
				CLANG_ENABLE_OBJC_ARC = YES;
				CLANG_WARN_BOOL_CONVERSION = YES;
				CLANG_WARN_CONSTANT_CONVERSION = YES;
				CLANG_WARN_DIRECT_OBJC_ISA_USAGE = YES_ERROR;
				CLANG_WARN_EMPTY_BODY = YES;
				CLANG_WARN_ENUM_CONVERSION = YES;
				CLANG_WARN_INT_CONVERSION = YES;
				CLANG_WARN_OBJC_ROOT_CLASS = YES_ERROR;
				CLANG_WARN_UNREACHABLE_CODE = YES;
				CLANG_WARN__DUPLICATE_METHOD_MATCH = YES;
				"CODE_SIGN_IDENTITY[sdk=iphoneos*]" = "iPhone Developer";
				COPY_PHASE_STRIP = NO;
				ENABLE_NS_ASSERTIONS = NO;
				ENABLE_STRICT_OBJC_MSGSEND = YES;
				GCC_C_LANGUAGE_STANDARD = gnu99;
				GCC_WARN_64_TO_32_BIT_CONVERSION = YES;
				GCC_WARN_ABOUT_RETURN_TYPE = YES_ERROR;
				GCC_WARN_UNDECLARED_SELECTOR = YES;
				GCC_WARN_UNINITIALIZED_AUTOS = YES_AGGRESSIVE;
				GCC_WARN_UNUSED_FUNCTION = YES;
				GCC_WARN_UNUSED_VARIABLE = YES;
				IPHONEOS_DEPLOYMENT_TARGET = 9.1;
				MTL_ENABLE_DEBUG_INFO = NO;
				SDKROOT = iphoneos;
				TARGETED_DEVICE_FAMILY = "1,2";
				VALIDATE_PRODUCT = YES;
			};
			name = Release;
		};
		3BAA17FE1B06C36E003510D7 /* Debug */ = {
			isa = XCBuildConfiguration;
			buildSettings = {
				ASSETCATALOG_COMPILER_APPICON_NAME = AppIcon;
				CODE_SIGN_IDENTITY = "iPhone Developer";
				"CODE_SIGN_IDENTITY[sdk=iphoneos*]" = "iPhone Developer";
				INFOPLIST_FILE = FrontierScientistsMedia/Info.plist;
				IPHONEOS_DEPLOYMENT_TARGET = 8.0;
				LD_RUNPATH_SEARCH_PATHS = "$(inherited) @executable_path/Frameworks";
				PRODUCT_BUNDLE_IDENTIFIER = "ARSC.Frontier-Scientists";
				PRODUCT_NAME = "$(TARGET_NAME)";
				PROVISIONING_PROFILE = "";
				SWIFT_OBJC_BRIDGING_HEADER = FrontierScientistsMedia/BridgingHeader.h;
			};
			name = Debug;
		};
		3BAA17FF1B06C36E003510D7 /* Release */ = {
			isa = XCBuildConfiguration;
			buildSettings = {
				ASSETCATALOG_COMPILER_APPICON_NAME = AppIcon;
				CODE_SIGN_IDENTITY = "iPhone Developer";
				"CODE_SIGN_IDENTITY[sdk=iphoneos*]" = "iPhone Developer";
				INFOPLIST_FILE = FrontierScientistsMedia/Info.plist;
				IPHONEOS_DEPLOYMENT_TARGET = 8.0;
				LD_RUNPATH_SEARCH_PATHS = "$(inherited) @executable_path/Frameworks";
				PRODUCT_BUNDLE_IDENTIFIER = "ARSC.Frontier-Scientists";
				PRODUCT_NAME = "$(TARGET_NAME)";
				PROVISIONING_PROFILE = "";
				SWIFT_OBJC_BRIDGING_HEADER = FrontierScientistsMedia/BridgingHeader.h;
			};
			name = Release;
		};
		3BAA18011B06C36E003510D7 /* Debug */ = {
			isa = XCBuildConfiguration;
			buildSettings = {
				BUNDLE_LOADER = "$(TEST_HOST)";
				FRAMEWORK_SEARCH_PATHS = (
					"$(SDKROOT)/Developer/Library/Frameworks",
					"$(inherited)",
				);
				GCC_PREPROCESSOR_DEFINITIONS = (
					"DEBUG=1",
					"$(inherited)",
				);
				INFOPLIST_FILE = FrontierScientistsMediaTests/Info.plist;
				LD_RUNPATH_SEARCH_PATHS = "$(inherited) @executable_path/Frameworks @loader_path/Frameworks";
				PRODUCT_BUNDLE_IDENTIFIER = "com.$(PRODUCT_NAME:rfc1034identifier)";
				PRODUCT_NAME = "$(TARGET_NAME)";
				TEST_HOST = "$(BUILT_PRODUCTS_DIR)/FrontierScientistsMedia.app/FrontierScientistsMedia";
			};
			name = Debug;
		};
		3BAA18021B06C36E003510D7 /* Release */ = {
			isa = XCBuildConfiguration;
			buildSettings = {
				BUNDLE_LOADER = "$(TEST_HOST)";
				FRAMEWORK_SEARCH_PATHS = (
					"$(SDKROOT)/Developer/Library/Frameworks",
					"$(inherited)",
				);
				INFOPLIST_FILE = FrontierScientistsMediaTests/Info.plist;
				LD_RUNPATH_SEARCH_PATHS = "$(inherited) @executable_path/Frameworks @loader_path/Frameworks";
				PRODUCT_BUNDLE_IDENTIFIER = "com.$(PRODUCT_NAME:rfc1034identifier)";
				PRODUCT_NAME = "$(TARGET_NAME)";
				TEST_HOST = "$(BUILT_PRODUCTS_DIR)/FrontierScientistsMedia.app/FrontierScientistsMedia";
			};
			name = Release;
		};
/* End XCBuildConfiguration section */

/* Begin XCConfigurationList section */
		3BAA17D91B06C36D003510D7 /* Build configuration list for PBXProject "Frontier-Scientists" */ = {
			isa = XCConfigurationList;
			buildConfigurations = (
				3BAA17FB1B06C36E003510D7 /* Debug */,
				3BAA17FC1B06C36E003510D7 /* Release */,
			);
			defaultConfigurationIsVisible = 0;
			defaultConfigurationName = Release;
		};
		3BAA17FD1B06C36E003510D7 /* Build configuration list for PBXNativeTarget "FrontierScientistsMedia" */ = {
			isa = XCConfigurationList;
			buildConfigurations = (
				3BAA17FE1B06C36E003510D7 /* Debug */,
				3BAA17FF1B06C36E003510D7 /* Release */,
			);
			defaultConfigurationIsVisible = 0;
			defaultConfigurationName = Release;
		};
		3BAA18001B06C36E003510D7 /* Build configuration list for PBXNativeTarget "FrontierScientistsMediaTests" */ = {
			isa = XCConfigurationList;
			buildConfigurations = (
				3BAA18011B06C36E003510D7 /* Debug */,
				3BAA18021B06C36E003510D7 /* Release */,
			);
			defaultConfigurationIsVisible = 0;
			defaultConfigurationName = Release;
		};
/* End XCConfigurationList section */
	};
	rootObject = 3BAA17D61B06C36D003510D7 /* Project object */;
}
