// !$*UTF8*$!
{
	archiveVersion = 1;
	classes = {
	};
	objectVersion = 46;
	objects = {

/* Begin PBXBuildFile section */
		F5DF7C381B225DCB00071467 /* AppDelegate.swift in Sources */ = {isa = PBXBuildFile; fileRef = F5DF7C371B225DCB00071467 /* AppDelegate.swift */; };
		F5DF7C3A1B225DCB00071467 /* FirstViewController.swift in Sources */ = {isa = PBXBuildFile; fileRef = F5DF7C391B225DCB00071467 /* FirstViewController.swift */; };
		F5DF7C3C1B225DCB00071467 /* SecondViewController.swift in Sources */ = {isa = PBXBuildFile; fileRef = F5DF7C3B1B225DCB00071467 /* SecondViewController.swift */; };
		F5DF7C3F1B225DCB00071467 /* Main.storyboard in Resources */ = {isa = PBXBuildFile; fileRef = F5DF7C3D1B225DCB00071467 /* Main.storyboard */; };
		F5DF7C411B225DCB00071467 /* Images.xcassets in Resources */ = {isa = PBXBuildFile; fileRef = F5DF7C401B225DCB00071467 /* Images.xcassets */; };
		F5DF7C441B225DCB00071467 /* LaunchScreen.xib in Resources */ = {isa = PBXBuildFile; fileRef = F5DF7C421B225DCB00071467 /* LaunchScreen.xib */; };
		F5DF7C501B225DCC00071467 /* To_Do_ListTests.swift in Sources */ = {isa = PBXBuildFile; fileRef = F5DF7C4F1B225DCC00071467 /* To_Do_ListTests.swift */; };
/* End PBXBuildFile section */

/* Begin PBXContainerItemProxy section */
		F5DF7C4A1B225DCC00071467 /* PBXContainerItemProxy */ = {
			isa = PBXContainerItemProxy;
			containerPortal = F5DF7C2A1B225DCB00071467 /* Project object */;
			proxyType = 1;
			remoteGlobalIDString = F5DF7C311B225DCB00071467;
			remoteInfo = To_Do_List;
		};
/* End PBXContainerItemProxy section */

/* Begin PBXFileReference section */
		F5DF7C321B225DCB00071467 /* To_Do_List.app */ = {isa = PBXFileReference; explicitFileType = wrapper.application; includeInIndex = 0; path = To_Do_List.app; sourceTree = BUILT_PRODUCTS_DIR; };
		F5DF7C361B225DCB00071467 /* Info.plist */ = {isa = PBXFileReference; lastKnownFileType = text.plist.xml; path = Info.plist; sourceTree = "<group>"; };
		F5DF7C371B225DCB00071467 /* AppDelegate.swift */ = {isa = PBXFileReference; lastKnownFileType = sourcecode.swift; path = AppDelegate.swift; sourceTree = "<group>"; };
		F5DF7C391B225DCB00071467 /* FirstViewController.swift */ = {isa = PBXFileReference; lastKnownFileType = sourcecode.swift; path = FirstViewController.swift; sourceTree = "<group>"; };
		F5DF7C3B1B225DCB00071467 /* SecondViewController.swift */ = {isa = PBXFileReference; lastKnownFileType = sourcecode.swift; path = SecondViewController.swift; sourceTree = "<group>"; };
		F5DF7C3E1B225DCB00071467 /* Base */ = {isa = PBXFileReference; lastKnownFileType = file.storyboard; name = Base; path = Base.lproj/Main.storyboard; sourceTree = "<group>"; };
		F5DF7C401B225DCB00071467 /* Images.xcassets */ = {isa = PBXFileReference; lastKnownFileType = folder.assetcatalog; path = Images.xcassets; sourceTree = "<group>"; };
		F5DF7C431B225DCB00071467 /* Base */ = {isa = PBXFileReference; lastKnownFileType = file.xib; name = Base; path = Base.lproj/LaunchScreen.xib; sourceTree = "<group>"; };
		F5DF7C491B225DCC00071467 /* To_Do_ListTests.xctest */ = {isa = PBXFileReference; explicitFileType = wrapper.cfbundle; includeInIndex = 0; path = To_Do_ListTests.xctest; sourceTree = BUILT_PRODUCTS_DIR; };
		F5DF7C4E1B225DCC00071467 /* Info.plist */ = {isa = PBXFileReference; lastKnownFileType = text.plist.xml; path = Info.plist; sourceTree = "<group>"; };
		F5DF7C4F1B225DCC00071467 /* To_Do_ListTests.swift */ = {isa = PBXFileReference; lastKnownFileType = sourcecode.swift; path = To_Do_ListTests.swift; sourceTree = "<group>"; };
/* End PBXFileReference section */

/* Begin PBXFrameworksBuildPhase section */
		F5DF7C2F1B225DCB00071467 /* Frameworks */ = {
			isa = PBXFrameworksBuildPhase;
			buildActionMask = 2147483647;
			files = (
			);
			runOnlyForDeploymentPostprocessing = 0;
		};
		F5DF7C461B225DCC00071467 /* Frameworks */ = {
			isa = PBXFrameworksBuildPhase;
			buildActionMask = 2147483647;
			files = (
			);
			runOnlyForDeploymentPostprocessing = 0;
		};
/* End PBXFrameworksBuildPhase section */

/* Begin PBXGroup section */
		F5DF7C291B225DCB00071467 = {
			isa = PBXGroup;
			children = (
				F5DF7C341B225DCB00071467 /* To_Do_List */,
				F5DF7C4C1B225DCC00071467 /* To_Do_ListTests */,
				F5DF7C331B225DCB00071467 /* Products */,
			);
			sourceTree = "<group>";
		};
		F5DF7C331B225DCB00071467 /* Products */ = {
			isa = PBXGroup;
			children = (
				F5DF7C321B225DCB00071467 /* To_Do_List.app */,
				F5DF7C491B225DCC00071467 /* To_Do_ListTests.xctest */,
			);
			name = Products;
			sourceTree = "<group>";
		};
		F5DF7C341B225DCB00071467 /* To_Do_List */ = {
			isa = PBXGroup;
			children = (
				F5DF7C371B225DCB00071467 /* AppDelegate.swift */,
				F5DF7C391B225DCB00071467 /* FirstViewController.swift */,
				F5DF7C3B1B225DCB00071467 /* SecondViewController.swift */,
				F5DF7C3D1B225DCB00071467 /* Main.storyboard */,
				F5DF7C401B225DCB00071467 /* Images.xcassets */,
				F5DF7C421B225DCB00071467 /* LaunchScreen.xib */,
				F5DF7C351B225DCB00071467 /* Supporting Files */,
			);
			path = To_Do_List;
			sourceTree = "<group>";
		};
		F5DF7C351B225DCB00071467 /* Supporting Files */ = {
			isa = PBXGroup;
			children = (
				F5DF7C361B225DCB00071467 /* Info.plist */,
			);
			name = "Supporting Files";
			sourceTree = "<group>";
		};
		F5DF7C4C1B225DCC00071467 /* To_Do_ListTests */ = {
			isa = PBXGroup;
			children = (
				F5DF7C4F1B225DCC00071467 /* To_Do_ListTests.swift */,
				F5DF7C4D1B225DCC00071467 /* Supporting Files */,
			);
			path = To_Do_ListTests;
			sourceTree = "<group>";
		};
		F5DF7C4D1B225DCC00071467 /* Supporting Files */ = {
			isa = PBXGroup;
			children = (
				F5DF7C4E1B225DCC00071467 /* Info.plist */,
			);
			name = "Supporting Files";
			sourceTree = "<group>";
		};
/* End PBXGroup section */

/* Begin PBXNativeTarget section */
		F5DF7C311B225DCB00071467 /* To_Do_List */ = {
			isa = PBXNativeTarget;
			buildConfigurationList = F5DF7C531B225DCC00071467 /* Build configuration list for PBXNativeTarget "To_Do_List" */;
			buildPhases = (
				F5DF7C2E1B225DCB00071467 /* Sources */,
				F5DF7C2F1B225DCB00071467 /* Frameworks */,
				F5DF7C301B225DCB00071467 /* Resources */,
			);
			buildRules = (
			);
			dependencies = (
			);
			name = To_Do_List;
			productName = To_Do_List;
			productReference = F5DF7C321B225DCB00071467 /* To_Do_List.app */;
			productType = "com.apple.product-type.application";
		};
		F5DF7C481B225DCC00071467 /* To_Do_ListTests */ = {
			isa = PBXNativeTarget;
			buildConfigurationList = F5DF7C561B225DCC00071467 /* Build configuration list for PBXNativeTarget "To_Do_ListTests" */;
			buildPhases = (
				F5DF7C451B225DCC00071467 /* Sources */,
				F5DF7C461B225DCC00071467 /* Frameworks */,
				F5DF7C471B225DCC00071467 /* Resources */,
			);
			buildRules = (
			);
			dependencies = (
				F5DF7C4B1B225DCC00071467 /* PBXTargetDependency */,
			);
			name = To_Do_ListTests;
			productName = To_Do_ListTests;
			productReference = F5DF7C491B225DCC00071467 /* To_Do_ListTests.xctest */;
			productType = "com.apple.product-type.bundle.unit-test";
		};
/* End PBXNativeTarget section */

/* Begin PBXProject section */
		F5DF7C2A1B225DCB00071467 /* Project object */ = {
			isa = PBXProject;
			attributes = {
				LastUpgradeCheck = 0630;
				ORGANIZATIONNAME = alandrews3;
				TargetAttributes = {
					F5DF7C311B225DCB00071467 = {
						CreatedOnToolsVersion = 6.3.1;
					};
					F5DF7C481B225DCC00071467 = {
						CreatedOnToolsVersion = 6.3.1;
						TestTargetID = F5DF7C311B225DCB00071467;
					};
				};
			};
			buildConfigurationList = F5DF7C2D1B225DCB00071467 /* Build configuration list for PBXProject "To_Do_List" */;
			compatibilityVersion = "Xcode 3.2";
			developmentRegion = English;
			hasScannedForEncodings = 0;
			knownRegions = (
				en,
				Base,
			);
			mainGroup = F5DF7C291B225DCB00071467;
			productRefGroup = F5DF7C331B225DCB00071467 /* Products */;
			projectDirPath = "";
			projectRoot = "";
			targets = (
				F5DF7C311B225DCB00071467 /* To_Do_List */,
				F5DF7C481B225DCC00071467 /* To_Do_ListTests */,
			);
		};
/* End PBXProject section */

/* Begin PBXResourcesBuildPhase section */
		F5DF7C301B225DCB00071467 /* Resources */ = {
			isa = PBXResourcesBuildPhase;
			buildActionMask = 2147483647;
			files = (
				F5DF7C3F1B225DCB00071467 /* Main.storyboard in Resources */,
				F5DF7C441B225DCB00071467 /* LaunchScreen.xib in Resources */,
				F5DF7C411B225DCB00071467 /* Images.xcassets in Resources */,
			);
			runOnlyForDeploymentPostprocessing = 0;
		};
		F5DF7C471B225DCC00071467 /* Resources */ = {
			isa = PBXResourcesBuildPhase;
			buildActionMask = 2147483647;
			files = (
			);
			runOnlyForDeploymentPostprocessing = 0;
		};
/* End PBXResourcesBuildPhase section */

/* Begin PBXSourcesBuildPhase section */
		F5DF7C2E1B225DCB00071467 /* Sources */ = {
			isa = PBXSourcesBuildPhase;
			buildActionMask = 2147483647;
			files = (
				F5DF7C3C1B225DCB00071467 /* SecondViewController.swift in Sources */,
				F5DF7C381B225DCB00071467 /* AppDelegate.swift in Sources */,
				F5DF7C3A1B225DCB00071467 /* FirstViewController.swift in Sources */,
			);
			runOnlyForDeploymentPostprocessing = 0;
		};
		F5DF7C451B225DCC00071467 /* Sources */ = {
			isa = PBXSourcesBuildPhase;
			buildActionMask = 2147483647;
			files = (
				F5DF7C501B225DCC00071467 /* To_Do_ListTests.swift in Sources */,
			);
			runOnlyForDeploymentPostprocessing = 0;
		};
/* End PBXSourcesBuildPhase section */

/* Begin PBXTargetDependency section */
		F5DF7C4B1B225DCC00071467 /* PBXTargetDependency */ = {
			isa = PBXTargetDependency;
			target = F5DF7C311B225DCB00071467 /* To_Do_List */;
			targetProxy = F5DF7C4A1B225DCC00071467 /* PBXContainerItemProxy */;
		};
/* End PBXTargetDependency section */

/* Begin PBXVariantGroup section */
		F5DF7C3D1B225DCB00071467 /* Main.storyboard */ = {
			isa = PBXVariantGroup;
			children = (
				F5DF7C3E1B225DCB00071467 /* Base */,
			);
			name = Main.storyboard;
			sourceTree = "<group>";
		};
		F5DF7C421B225DCB00071467 /* LaunchScreen.xib */ = {
			isa = PBXVariantGroup;
			children = (
				F5DF7C431B225DCB00071467 /* Base */,
			);
			name = LaunchScreen.xib;
			sourceTree = "<group>";
		};
/* End PBXVariantGroup section */

/* Begin XCBuildConfiguration section */
		F5DF7C511B225DCC00071467 /* Debug */ = {
			isa = XCBuildConfiguration;
			buildSettings = {
				ALWAYS_SEARCH_USER_PATHS = NO;
				CLANG_CXX_LANGUAGE_STANDARD = "gnu++0x";
				CLANG_CXX_LIBRARY = "libc++";
				CLANG_ENABLE_MODULES = YES;
				CLANG_ENABLE_OBJC_ARC = YES;
				CLANG_WARN_BOOL_CONVERSION = YES;
				CLANG_WARN_CONSTANT_CONVERSION = YES;
				CLANG_WARN_DIRECT_OBJC_ISA_USAGE = YES_ERROR;
				CLANG_WARN_EMPTY_BODY = YES;
				CLANG_WARN_ENUM_CONVERSION = YES;
				CLANG_WARN_INT_CONVERSION = YES;
				CLANG_WARN_OBJC_ROOT_CLASS = YES_ERROR;
				CLANG_WARN_UNREACHABLE_CODE = YES;
				CLANG_WARN__DUPLICATE_METHOD_MATCH = YES;
				"CODE_SIGN_IDENTITY[sdk=iphoneos*]" = "iPhone Developer";
				COPY_PHASE_STRIP = NO;
				DEBUG_INFORMATION_FORMAT = "dwarf-with-dsym";
				ENABLE_STRICT_OBJC_MSGSEND = YES;
				GCC_C_LANGUAGE_STANDARD = gnu99;
				GCC_DYNAMIC_NO_PIC = NO;
				GCC_NO_COMMON_BLOCKS = YES;
				GCC_OPTIMIZATION_LEVEL = 0;
				GCC_PREPROCESSOR_DEFINITIONS = (
					"DEBUG=1",
					"$(inherited)",
				);
				GCC_SYMBOLS_PRIVATE_EXTERN = NO;
				GCC_WARN_64_TO_32_BIT_CONVERSION = YES;
				GCC_WARN_ABOUT_RETURN_TYPE = YES_ERROR;
				GCC_WARN_UNDECLARED_SELECTOR = YES;
				GCC_WARN_UNINITIALIZED_AUTOS = YES_AGGRESSIVE;
				GCC_WARN_UNUSED_FUNCTION = YES;
				GCC_WARN_UNUSED_VARIABLE = YES;
				IPHONEOS_DEPLOYMENT_TARGET = 8.3;
				MTL_ENABLE_DEBUG_INFO = YES;
				ONLY_ACTIVE_ARCH = YES;
				SDKROOT = iphoneos;
				SWIFT_OPTIMIZATION_LEVEL = "-Onone";
				TARGETED_DEVICE_FAMILY = "1,2";
			};
			name = Debug;
		};
		F5DF7C521B225DCC00071467 /* Release */ = {
			isa = XCBuildConfiguration;
			buildSettings = {
				ALWAYS_SEARCH_USER_PATHS = NO;
				CLANG_CXX_LANGUAGE_STANDARD = "gnu++0x";
				CLANG_CXX_LIBRARY = "libc++";
				CLANG_ENABLE_MODULES = YES;
				CLANG_ENABLE_OBJC_ARC = YES;
				CLANG_WARN_BOOL_CONVERSION = YES;
				CLANG_WARN_CONSTANT_CONVERSION = YES;
				CLANG_WARN_DIRECT_OBJC_ISA_USAGE = YES_ERROR;
				CLANG_WARN_EMPTY_BODY = YES;
				CLANG_WARN_ENUM_CONVERSION = YES;
				CLANG_WARN_INT_CONVERSION = YES;
				CLANG_WARN_OBJC_ROOT_CLASS = YES_ERROR;
				CLANG_WARN_UNREACHABLE_CODE = YES;
				CLANG_WARN__DUPLICATE_METHOD_MATCH = YES;
				"CODE_SIGN_IDENTITY[sdk=iphoneos*]" = "iPhone Developer";
				COPY_PHASE_STRIP = NO;
				DEBUG_INFORMATION_FORMAT = "dwarf-with-dsym";
				ENABLE_NS_ASSERTIONS = NO;
				ENABLE_STRICT_OBJC_MSGSEND = YES;
				GCC_C_LANGUAGE_STANDARD = gnu99;
				GCC_NO_COMMON_BLOCKS = YES;
				GCC_WARN_64_TO_32_BIT_CONVERSION = YES;
				GCC_WARN_ABOUT_RETURN_TYPE = YES_ERROR;
				GCC_WARN_UNDECLARED_SELECTOR = YES;
				GCC_WARN_UNINITIALIZED_AUTOS = YES_AGGRESSIVE;
				GCC_WARN_UNUSED_FUNCTION = YES;
				GCC_WARN_UNUSED_VARIABLE = YES;
				IPHONEOS_DEPLOYMENT_TARGET = 8.3;
				MTL_ENABLE_DEBUG_INFO = NO;
				SDKROOT = iphoneos;
				TARGETED_DEVICE_FAMILY = "1,2";
				VALIDATE_PRODUCT = YES;
			};
			name = Release;
		};
		F5DF7C541B225DCC00071467 /* Debug */ = {
			isa = XCBuildConfiguration;
			buildSettings = {
				ASSETCATALOG_COMPILER_APPICON_NAME = AppIcon;
				INFOPLIST_FILE = To_Do_List/Info.plist;
				LD_RUNPATH_SEARCH_PATHS = "$(inherited) @executable_path/Frameworks";
				PRODUCT_NAME = "$(TARGET_NAME)";
			};
			name = Debug;
		};
		F5DF7C551B225DCC00071467 /* Release */ = {
			isa = XCBuildConfiguration;
			buildSettings = {
				ASSETCATALOG_COMPILER_APPICON_NAME = AppIcon;
				INFOPLIST_FILE = To_Do_List/Info.plist;
				LD_RUNPATH_SEARCH_PATHS = "$(inherited) @executable_path/Frameworks";
				PRODUCT_NAME = "$(TARGET_NAME)";
			};
			name = Release;
		};
		F5DF7C571B225DCC00071467 /* Debug */ = {
			isa = XCBuildConfiguration;
			buildSettings = {
				BUNDLE_LOADER = "$(TEST_HOST)";
				FRAMEWORK_SEARCH_PATHS = (
					"$(SDKROOT)/Developer/Library/Frameworks",
					"$(inherited)",
				);
				GCC_PREPROCESSOR_DEFINITIONS = (
					"DEBUG=1",
					"$(inherited)",
				);
				INFOPLIST_FILE = To_Do_ListTests/Info.plist;
				LD_RUNPATH_SEARCH_PATHS = "$(inherited) @executable_path/Frameworks @loader_path/Frameworks";
				PRODUCT_NAME = "$(TARGET_NAME)";
				TEST_HOST = "$(BUILT_PRODUCTS_DIR)/To_Do_List.app/To_Do_List";
			};
			name = Debug;
		};
		F5DF7C581B225DCC00071467 /* Release */ = {
			isa = XCBuildConfiguration;
			buildSettings = {
				BUNDLE_LOADER = "$(TEST_HOST)";
				FRAMEWORK_SEARCH_PATHS = (
					"$(SDKROOT)/Developer/Library/Frameworks",
					"$(inherited)",
				);
				INFOPLIST_FILE = To_Do_ListTests/Info.plist;
				LD_RUNPATH_SEARCH_PATHS = "$(inherited) @executable_path/Frameworks @loader_path/Frameworks";
				PRODUCT_NAME = "$(TARGET_NAME)";
				TEST_HOST = "$(BUILT_PRODUCTS_DIR)/To_Do_List.app/To_Do_List";
			};
			name = Release;
		};
/* End XCBuildConfiguration section */

/* Begin XCConfigurationList section */
		F5DF7C2D1B225DCB00071467 /* Build configuration list for PBXProject "To_Do_List" */ = {
			isa = XCConfigurationList;
			buildConfigurations = (
				F5DF7C511B225DCC00071467 /* Debug */,
				F5DF7C521B225DCC00071467 /* Release */,
			);
			defaultConfigurationIsVisible = 0;
			defaultConfigurationName = Release;
		};
		F5DF7C531B225DCC00071467 /* Build configuration list for PBXNativeTarget "To_Do_List" */ = {
			isa = XCConfigurationList;
			buildConfigurations = (
				F5DF7C541B225DCC00071467 /* Debug */,
				F5DF7C551B225DCC00071467 /* Release */,
			);
			defaultConfigurationIsVisible = 0;
		};
		F5DF7C561B225DCC00071467 /* Build configuration list for PBXNativeTarget "To_Do_ListTests" */ = {
			isa = XCConfigurationList;
			buildConfigurations = (
				F5DF7C571B225DCC00071467 /* Debug */,
				F5DF7C581B225DCC00071467 /* Release */,
			);
			defaultConfigurationIsVisible = 0;
		};
/* End XCConfigurationList section */
	};
	rootObject = F5DF7C2A1B225DCB00071467 /* Project object */;
}
