// !$*UTF8*$!
{
	archiveVersion = 1;
	classes = {
	};
	objectVersion = 46;
	objects = {

/* Begin PBXBuildFile section */
		F5DF7B7E1B22056500071467 /* AppDelegate.swift in Sources */ = {isa = PBXBuildFile; fileRef = F5DF7B7D1B22056500071467 /* AppDelegate.swift */; };
		F5DF7B801B22056500071467 /* ViewController.swift in Sources */ = {isa = PBXBuildFile; fileRef = F5DF7B7F1B22056500071467 /* ViewController.swift */; };
		F5DF7B831B22056500071467 /* Main.storyboard in Resources */ = {isa = PBXBuildFile; fileRef = F5DF7B811B22056500071467 /* Main.storyboard */; };
		F5DF7B851B22056500071467 /* Images.xcassets in Resources */ = {isa = PBXBuildFile; fileRef = F5DF7B841B22056500071467 /* Images.xcassets */; };
		F5DF7B881B22056500071467 /* LaunchScreen.xib in Resources */ = {isa = PBXBuildFile; fileRef = F5DF7B861B22056500071467 /* LaunchScreen.xib */; };
		F5DF7B941B22056600071467 /* Table_ViewsTests.swift in Sources */ = {isa = PBXBuildFile; fileRef = F5DF7B931B22056600071467 /* Table_ViewsTests.swift */; };
/* End PBXBuildFile section */

/* Begin PBXContainerItemProxy section */
		F5DF7B8E1B22056600071467 /* PBXContainerItemProxy */ = {
			isa = PBXContainerItemProxy;
			containerPortal = F5DF7B701B22056500071467 /* Project object */;
			proxyType = 1;
			remoteGlobalIDString = F5DF7B771B22056500071467;
			remoteInfo = Table_Views;
		};
/* End PBXContainerItemProxy section */

/* Begin PBXFileReference section */
		F5DF7B781B22056500071467 /* Table_Views.app */ = {isa = PBXFileReference; explicitFileType = wrapper.application; includeInIndex = 0; path = Table_Views.app; sourceTree = BUILT_PRODUCTS_DIR; };
		F5DF7B7C1B22056500071467 /* Info.plist */ = {isa = PBXFileReference; lastKnownFileType = text.plist.xml; path = Info.plist; sourceTree = "<group>"; };
		F5DF7B7D1B22056500071467 /* AppDelegate.swift */ = {isa = PBXFileReference; lastKnownFileType = sourcecode.swift; path = AppDelegate.swift; sourceTree = "<group>"; };
		F5DF7B7F1B22056500071467 /* ViewController.swift */ = {isa = PBXFileReference; lastKnownFileType = sourcecode.swift; path = ViewController.swift; sourceTree = "<group>"; };
		F5DF7B821B22056500071467 /* Base */ = {isa = PBXFileReference; lastKnownFileType = file.storyboard; name = Base; path = Base.lproj/Main.storyboard; sourceTree = "<group>"; };
		F5DF7B841B22056500071467 /* Images.xcassets */ = {isa = PBXFileReference; lastKnownFileType = folder.assetcatalog; path = Images.xcassets; sourceTree = "<group>"; };
		F5DF7B871B22056500071467 /* Base */ = {isa = PBXFileReference; lastKnownFileType = file.xib; name = Base; path = Base.lproj/LaunchScreen.xib; sourceTree = "<group>"; };
		F5DF7B8D1B22056600071467 /* Table_ViewsTests.xctest */ = {isa = PBXFileReference; explicitFileType = wrapper.cfbundle; includeInIndex = 0; path = Table_ViewsTests.xctest; sourceTree = BUILT_PRODUCTS_DIR; };
		F5DF7B921B22056600071467 /* Info.plist */ = {isa = PBXFileReference; lastKnownFileType = text.plist.xml; path = Info.plist; sourceTree = "<group>"; };
		F5DF7B931B22056600071467 /* Table_ViewsTests.swift */ = {isa = PBXFileReference; lastKnownFileType = sourcecode.swift; path = Table_ViewsTests.swift; sourceTree = "<group>"; };
/* End PBXFileReference section */

/* Begin PBXFrameworksBuildPhase section */
		F5DF7B751B22056500071467 /* Frameworks */ = {
			isa = PBXFrameworksBuildPhase;
			buildActionMask = 2147483647;
			files = (
			);
			runOnlyForDeploymentPostprocessing = 0;
		};
		F5DF7B8A1B22056600071467 /* Frameworks */ = {
			isa = PBXFrameworksBuildPhase;
			buildActionMask = 2147483647;
			files = (
			);
			runOnlyForDeploymentPostprocessing = 0;
		};
/* End PBXFrameworksBuildPhase section */

/* Begin PBXGroup section */
		F5DF7B6F1B22056500071467 = {
			isa = PBXGroup;
			children = (
				F5DF7B7A1B22056500071467 /* Table_Views */,
				F5DF7B901B22056600071467 /* Table_ViewsTests */,
				F5DF7B791B22056500071467 /* Products */,
			);
			sourceTree = "<group>";
		};
		F5DF7B791B22056500071467 /* Products */ = {
			isa = PBXGroup;
			children = (
				F5DF7B781B22056500071467 /* Table_Views.app */,
				F5DF7B8D1B22056600071467 /* Table_ViewsTests.xctest */,
			);
			name = Products;
			sourceTree = "<group>";
		};
		F5DF7B7A1B22056500071467 /* Table_Views */ = {
			isa = PBXGroup;
			children = (
				F5DF7B7D1B22056500071467 /* AppDelegate.swift */,
				F5DF7B7F1B22056500071467 /* ViewController.swift */,
				F5DF7B811B22056500071467 /* Main.storyboard */,
				F5DF7B841B22056500071467 /* Images.xcassets */,
				F5DF7B861B22056500071467 /* LaunchScreen.xib */,
				F5DF7B7B1B22056500071467 /* Supporting Files */,
			);
			path = Table_Views;
			sourceTree = "<group>";
		};
		F5DF7B7B1B22056500071467 /* Supporting Files */ = {
			isa = PBXGroup;
			children = (
				F5DF7B7C1B22056500071467 /* Info.plist */,
			);
			name = "Supporting Files";
			sourceTree = "<group>";
		};
		F5DF7B901B22056600071467 /* Table_ViewsTests */ = {
			isa = PBXGroup;
			children = (
				F5DF7B931B22056600071467 /* Table_ViewsTests.swift */,
				F5DF7B911B22056600071467 /* Supporting Files */,
			);
			path = Table_ViewsTests;
			sourceTree = "<group>";
		};
		F5DF7B911B22056600071467 /* Supporting Files */ = {
			isa = PBXGroup;
			children = (
				F5DF7B921B22056600071467 /* Info.plist */,
			);
			name = "Supporting Files";
			sourceTree = "<group>";
		};
/* End PBXGroup section */

/* Begin PBXNativeTarget section */
		F5DF7B771B22056500071467 /* Table_Views */ = {
			isa = PBXNativeTarget;
			buildConfigurationList = F5DF7B971B22056600071467 /* Build configuration list for PBXNativeTarget "Table_Views" */;
			buildPhases = (
				F5DF7B741B22056500071467 /* Sources */,
				F5DF7B751B22056500071467 /* Frameworks */,
				F5DF7B761B22056500071467 /* Resources */,
			);
			buildRules = (
			);
			dependencies = (
			);
			name = Table_Views;
			productName = Table_Views;
			productReference = F5DF7B781B22056500071467 /* Table_Views.app */;
			productType = "com.apple.product-type.application";
		};
		F5DF7B8C1B22056600071467 /* Table_ViewsTests */ = {
			isa = PBXNativeTarget;
			buildConfigurationList = F5DF7B9A1B22056600071467 /* Build configuration list for PBXNativeTarget "Table_ViewsTests" */;
			buildPhases = (
				F5DF7B891B22056600071467 /* Sources */,
				F5DF7B8A1B22056600071467 /* Frameworks */,
				F5DF7B8B1B22056600071467 /* Resources */,
			);
			buildRules = (
			);
			dependencies = (
				F5DF7B8F1B22056600071467 /* PBXTargetDependency */,
			);
			name = Table_ViewsTests;
			productName = Table_ViewsTests;
			productReference = F5DF7B8D1B22056600071467 /* Table_ViewsTests.xctest */;
			productType = "com.apple.product-type.bundle.unit-test";
		};
/* End PBXNativeTarget section */

/* Begin PBXProject section */
		F5DF7B701B22056500071467 /* Project object */ = {
			isa = PBXProject;
			attributes = {
				LastUpgradeCheck = 0630;
				ORGANIZATIONNAME = alandrews3;
				TargetAttributes = {
					F5DF7B771B22056500071467 = {
						CreatedOnToolsVersion = 6.3.1;
					};
					F5DF7B8C1B22056600071467 = {
						CreatedOnToolsVersion = 6.3.1;
						TestTargetID = F5DF7B771B22056500071467;
					};
				};
			};
			buildConfigurationList = F5DF7B731B22056500071467 /* Build configuration list for PBXProject "Table_Views" */;
			compatibilityVersion = "Xcode 3.2";
			developmentRegion = English;
			hasScannedForEncodings = 0;
			knownRegions = (
				en,
				Base,
			);
			mainGroup = F5DF7B6F1B22056500071467;
			productRefGroup = F5DF7B791B22056500071467 /* Products */;
			projectDirPath = "";
			projectRoot = "";
			targets = (
				F5DF7B771B22056500071467 /* Table_Views */,
				F5DF7B8C1B22056600071467 /* Table_ViewsTests */,
			);
		};
/* End PBXProject section */

/* Begin PBXResourcesBuildPhase section */
		F5DF7B761B22056500071467 /* Resources */ = {
			isa = PBXResourcesBuildPhase;
			buildActionMask = 2147483647;
			files = (
				F5DF7B831B22056500071467 /* Main.storyboard in Resources */,
				F5DF7B881B22056500071467 /* LaunchScreen.xib in Resources */,
				F5DF7B851B22056500071467 /* Images.xcassets in Resources */,
			);
			runOnlyForDeploymentPostprocessing = 0;
		};
		F5DF7B8B1B22056600071467 /* Resources */ = {
			isa = PBXResourcesBuildPhase;
			buildActionMask = 2147483647;
			files = (
			);
			runOnlyForDeploymentPostprocessing = 0;
		};
/* End PBXResourcesBuildPhase section */

/* Begin PBXSourcesBuildPhase section */
		F5DF7B741B22056500071467 /* Sources */ = {
			isa = PBXSourcesBuildPhase;
			buildActionMask = 2147483647;
			files = (
				F5DF7B801B22056500071467 /* ViewController.swift in Sources */,
				F5DF7B7E1B22056500071467 /* AppDelegate.swift in Sources */,
			);
			runOnlyForDeploymentPostprocessing = 0;
		};
		F5DF7B891B22056600071467 /* Sources */ = {
			isa = PBXSourcesBuildPhase;
			buildActionMask = 2147483647;
			files = (
				F5DF7B941B22056600071467 /* Table_ViewsTests.swift in Sources */,
			);
			runOnlyForDeploymentPostprocessing = 0;
		};
/* End PBXSourcesBuildPhase section */

/* Begin PBXTargetDependency section */
		F5DF7B8F1B22056600071467 /* PBXTargetDependency */ = {
			isa = PBXTargetDependency;
			target = F5DF7B771B22056500071467 /* Table_Views */;
			targetProxy = F5DF7B8E1B22056600071467 /* PBXContainerItemProxy */;
		};
/* End PBXTargetDependency section */

/* Begin PBXVariantGroup section */
		F5DF7B811B22056500071467 /* Main.storyboard */ = {
			isa = PBXVariantGroup;
			children = (
				F5DF7B821B22056500071467 /* Base */,
			);
			name = Main.storyboard;
			sourceTree = "<group>";
		};
		F5DF7B861B22056500071467 /* LaunchScreen.xib */ = {
			isa = PBXVariantGroup;
			children = (
				F5DF7B871B22056500071467 /* Base */,
			);
			name = LaunchScreen.xib;
			sourceTree = "<group>";
		};
/* End PBXVariantGroup section */

/* Begin XCBuildConfiguration section */
		F5DF7B951B22056600071467 /* Debug */ = {
			isa = XCBuildConfiguration;
			buildSettings = {
				ALWAYS_SEARCH_USER_PATHS = NO;
				CLANG_CXX_LANGUAGE_STANDARD = "gnu++0x";
				CLANG_CXX_LIBRARY = "libc++";
				CLANG_ENABLE_MODULES = YES;
				CLANG_ENABLE_OBJC_ARC = YES;
				CLANG_WARN_BOOL_CONVERSION = YES;
				CLANG_WARN_CONSTANT_CONVERSION = YES;
				CLANG_WARN_DIRECT_OBJC_ISA_USAGE = YES_ERROR;
				CLANG_WARN_EMPTY_BODY = YES;
				CLANG_WARN_ENUM_CONVERSION = YES;
				CLANG_WARN_INT_CONVERSION = YES;
				CLANG_WARN_OBJC_ROOT_CLASS = YES_ERROR;
				CLANG_WARN_UNREACHABLE_CODE = YES;
				CLANG_WARN__DUPLICATE_METHOD_MATCH = YES;
				"CODE_SIGN_IDENTITY[sdk=iphoneos*]" = "iPhone Developer";
				COPY_PHASE_STRIP = NO;
				DEBUG_INFORMATION_FORMAT = "dwarf-with-dsym";
				ENABLE_STRICT_OBJC_MSGSEND = YES;
				GCC_C_LANGUAGE_STANDARD = gnu99;
				GCC_DYNAMIC_NO_PIC = NO;
				GCC_NO_COMMON_BLOCKS = YES;
				GCC_OPTIMIZATION_LEVEL = 0;
				GCC_PREPROCESSOR_DEFINITIONS = (
					"DEBUG=1",
					"$(inherited)",
				);
				GCC_SYMBOLS_PRIVATE_EXTERN = NO;
				GCC_WARN_64_TO_32_BIT_CONVERSION = YES;
				GCC_WARN_ABOUT_RETURN_TYPE = YES_ERROR;
				GCC_WARN_UNDECLARED_SELECTOR = YES;
				GCC_WARN_UNINITIALIZED_AUTOS = YES_AGGRESSIVE;
				GCC_WARN_UNUSED_FUNCTION = YES;
				GCC_WARN_UNUSED_VARIABLE = YES;
				IPHONEOS_DEPLOYMENT_TARGET = 8.3;
				MTL_ENABLE_DEBUG_INFO = YES;
				ONLY_ACTIVE_ARCH = YES;
				SDKROOT = iphoneos;
				SWIFT_OPTIMIZATION_LEVEL = "-Onone";
				TARGETED_DEVICE_FAMILY = "1,2";
			};
			name = Debug;
		};
		F5DF7B961B22056600071467 /* Release */ = {
			isa = XCBuildConfiguration;
			buildSettings = {
				ALWAYS_SEARCH_USER_PATHS = NO;
				CLANG_CXX_LANGUAGE_STANDARD = "gnu++0x";
				CLANG_CXX_LIBRARY = "libc++";
				CLANG_ENABLE_MODULES = YES;
				CLANG_ENABLE_OBJC_ARC = YES;
				CLANG_WARN_BOOL_CONVERSION = YES;
				CLANG_WARN_CONSTANT_CONVERSION = YES;
				CLANG_WARN_DIRECT_OBJC_ISA_USAGE = YES_ERROR;
				CLANG_WARN_EMPTY_BODY = YES;
				CLANG_WARN_ENUM_CONVERSION = YES;
				CLANG_WARN_INT_CONVERSION = YES;
				CLANG_WARN_OBJC_ROOT_CLASS = YES_ERROR;
				CLANG_WARN_UNREACHABLE_CODE = YES;
				CLANG_WARN__DUPLICATE_METHOD_MATCH = YES;
				"CODE_SIGN_IDENTITY[sdk=iphoneos*]" = "iPhone Developer";
				COPY_PHASE_STRIP = NO;
				DEBUG_INFORMATION_FORMAT = "dwarf-with-dsym";
				ENABLE_NS_ASSERTIONS = NO;
				ENABLE_STRICT_OBJC_MSGSEND = YES;
				GCC_C_LANGUAGE_STANDARD = gnu99;
				GCC_NO_COMMON_BLOCKS = YES;
				GCC_WARN_64_TO_32_BIT_CONVERSION = YES;
				GCC_WARN_ABOUT_RETURN_TYPE = YES_ERROR;
				GCC_WARN_UNDECLARED_SELECTOR = YES;
				GCC_WARN_UNINITIALIZED_AUTOS = YES_AGGRESSIVE;
				GCC_WARN_UNUSED_FUNCTION = YES;
				GCC_WARN_UNUSED_VARIABLE = YES;
				IPHONEOS_DEPLOYMENT_TARGET = 8.3;
				MTL_ENABLE_DEBUG_INFO = NO;
				SDKROOT = iphoneos;
				TARGETED_DEVICE_FAMILY = "1,2";
				VALIDATE_PRODUCT = YES;
			};
			name = Release;
		};
		F5DF7B981B22056600071467 /* Debug */ = {
			isa = XCBuildConfiguration;
			buildSettings = {
				ASSETCATALOG_COMPILER_APPICON_NAME = AppIcon;
				INFOPLIST_FILE = Table_Views/Info.plist;
				LD_RUNPATH_SEARCH_PATHS = "$(inherited) @executable_path/Frameworks";
				PRODUCT_NAME = "$(TARGET_NAME)";
			};
			name = Debug;
		};
		F5DF7B991B22056600071467 /* Release */ = {
			isa = XCBuildConfiguration;
			buildSettings = {
				ASSETCATALOG_COMPILER_APPICON_NAME = AppIcon;
				INFOPLIST_FILE = Table_Views/Info.plist;
				LD_RUNPATH_SEARCH_PATHS = "$(inherited) @executable_path/Frameworks";
				PRODUCT_NAME = "$(TARGET_NAME)";
			};
			name = Release;
		};
		F5DF7B9B1B22056600071467 /* Debug */ = {
			isa = XCBuildConfiguration;
			buildSettings = {
				BUNDLE_LOADER = "$(TEST_HOST)";
				FRAMEWORK_SEARCH_PATHS = (
					"$(SDKROOT)/Developer/Library/Frameworks",
					"$(inherited)",
				);
				GCC_PREPROCESSOR_DEFINITIONS = (
					"DEBUG=1",
					"$(inherited)",
				);
				INFOPLIST_FILE = Table_ViewsTests/Info.plist;
				LD_RUNPATH_SEARCH_PATHS = "$(inherited) @executable_path/Frameworks @loader_path/Frameworks";
				PRODUCT_NAME = "$(TARGET_NAME)";
				TEST_HOST = "$(BUILT_PRODUCTS_DIR)/Table_Views.app/Table_Views";
			};
			name = Debug;
		};
		F5DF7B9C1B22056600071467 /* Release */ = {
			isa = XCBuildConfiguration;
			buildSettings = {
				BUNDLE_LOADER = "$(TEST_HOST)";
				FRAMEWORK_SEARCH_PATHS = (
					"$(SDKROOT)/Developer/Library/Frameworks",
					"$(inherited)",
				);
				INFOPLIST_FILE = Table_ViewsTests/Info.plist;
				LD_RUNPATH_SEARCH_PATHS = "$(inherited) @executable_path/Frameworks @loader_path/Frameworks";
				PRODUCT_NAME = "$(TARGET_NAME)";
				TEST_HOST = "$(BUILT_PRODUCTS_DIR)/Table_Views.app/Table_Views";
			};
			name = Release;
		};
/* End XCBuildConfiguration section */

/* Begin XCConfigurationList section */
		F5DF7B731B22056500071467 /* Build configuration list for PBXProject "Table_Views" */ = {
			isa = XCConfigurationList;
			buildConfigurations = (
				F5DF7B951B22056600071467 /* Debug */,
				F5DF7B961B22056600071467 /* Release */,
			);
			defaultConfigurationIsVisible = 0;
			defaultConfigurationName = Release;
		};
		F5DF7B971B22056600071467 /* Build configuration list for PBXNativeTarget "Table_Views" */ = {
			isa = XCConfigurationList;
			buildConfigurations = (
				F5DF7B981B22056600071467 /* Debug */,
				F5DF7B991B22056600071467 /* Release */,
			);
			defaultConfigurationIsVisible = 0;
		};
		F5DF7B9A1B22056600071467 /* Build configuration list for PBXNativeTarget "Table_ViewsTests" */ = {
			isa = XCConfigurationList;
			buildConfigurations = (
				F5DF7B9B1B22056600071467 /* Debug */,
				F5DF7B9C1B22056600071467 /* Release */,
			);
			defaultConfigurationIsVisible = 0;
		};
/* End XCConfigurationList section */
	};
	rootObject = F5DF7B701B22056500071467 /* Project object */;
}
